// !$*UTF8*$!
{
	archiveVersion = 1;
	classes = {
	};
	objectVersion = 56;
	objects = {

/* Begin PBXBuildFile section */
		4066843F2B17DD3800394CC7 /* GroupPostRequest.swift in Sources */ = {isa = PBXBuildFile; fileRef = 4066843E2B17DD3800394CC7 /* GroupPostRequest.swift */; };
		406684412B17DE7500394CC7 /* GroupGetResponse.swift in Sources */ = {isa = PBXBuildFile; fileRef = 406684402B17DE7500394CC7 /* GroupGetResponse.swift */; };
		406684432B17DF8300394CC7 /* GroupPutRequest.swift in Sources */ = {isa = PBXBuildFile; fileRef = 406684422B17DF8300394CC7 /* GroupPutRequest.swift */; };
		406684452B17DFD400394CC7 /* GroupResponse.swift in Sources */ = {isa = PBXBuildFile; fileRef = 406684442B17DFD400394CC7 /* GroupResponse.swift */; };
		406684472B17E00200394CC7 /* GroupGetAction.swift in Sources */ = {isa = PBXBuildFile; fileRef = 406684462B17E00200394CC7 /* GroupGetAction.swift */; };
		406684492B17E15F00394CC7 /* GroupPostAction.swift in Sources */ = {isa = PBXBuildFile; fileRef = 406684482B17E15F00394CC7 /* GroupPostAction.swift */; };
		4066844B2B17E26800394CC7 /* GroupPutAction.swift in Sources */ = {isa = PBXBuildFile; fileRef = 4066844A2B17E26800394CC7 /* GroupPutAction.swift */; };
		4066844D2B17E31200394CC7 /* GroupDeleteAction.swift in Sources */ = {isa = PBXBuildFile; fileRef = 4066844C2B17E31200394CC7 /* GroupDeleteAction.swift */; };
		409381FB2B0286EF00C3DF39 /* ProfileViewModel.swift in Sources */ = {isa = PBXBuildFile; fileRef = 409381FA2B0286EF00C3DF39 /* ProfileViewModel.swift */; };
		40C34F102B17CEFB00E9110F /* PieChartReport.swift in Sources */ = {isa = PBXBuildFile; fileRef = 40C34F0F2B17CEFB00E9110F /* PieChartReport.swift */; };
		40C34F122B17CF2600E9110F /* PieChartView.swift in Sources */ = {isa = PBXBuildFile; fileRef = 40C34F112B17CF2500E9110F /* PieChartView.swift */; };
		40C6122A2B0590CA0011650B /* GroupTasksView.swift in Sources */ = {isa = PBXBuildFile; fileRef = 40C612292B0590CA0011650B /* GroupTasksView.swift */; };
		40C6122C2B05AF7A0011650B /* EditGroupTaskView.swift in Sources */ = {isa = PBXBuildFile; fileRef = 40C6122B2B05AF7A0011650B /* EditGroupTaskView.swift */; };
		40C6122E2B05C4540011650B /* EditGroupView.swift in Sources */ = {isa = PBXBuildFile; fileRef = 40C6122D2B05C4540011650B /* EditGroupView.swift */; };
		40C612302B05CFC90011650B /* GroupInvitationView.swift in Sources */ = {isa = PBXBuildFile; fileRef = 40C6122F2B05CFC80011650B /* GroupInvitationView.swift */; };
		AF0C57342AFD614A005C9E25 /* SignUpView.swift in Sources */ = {isa = PBXBuildFile; fileRef = AF0C57332AFD614A005C9E25 /* SignUpView.swift */; };
		AF0C57362AFD62F3005C9E25 /* SignUpViewModel.swift in Sources */ = {isa = PBXBuildFile; fileRef = AF0C57352AFD62F3005C9E25 /* SignUpViewModel.swift */; };
		AF2216482B0042F800CA4164 /* Group.swift in Sources */ = {isa = PBXBuildFile; fileRef = AF2216472B0042F800CA4164 /* Group.swift */; };
		AF44CF752AFE7D560087A57B /* HomeView.swift in Sources */ = {isa = PBXBuildFile; fileRef = AF44CF742AFE7D560087A57B /* HomeView.swift */; };
		AF44CF792AFE7E7E0087A57B /* ContentView.swift in Sources */ = {isa = PBXBuildFile; fileRef = AF44CF782AFE7E7E0087A57B /* ContentView.swift */; };
		AF44CF832AFE7F090087A57B /* GroupsView.swift in Sources */ = {isa = PBXBuildFile; fileRef = AF44CF822AFE7F090087A57B /* GroupsView.swift */; };
		AF44CF852AFE7F260087A57B /* TasksView.swift in Sources */ = {isa = PBXBuildFile; fileRef = AF44CF842AFE7F260087A57B /* TasksView.swift */; };
		AF44CF872AFE7F420087A57B /* ProfileView.swift in Sources */ = {isa = PBXBuildFile; fileRef = AF44CF862AFE7F420087A57B /* ProfileView.swift */; };
		AF44CF892AFE7F5C0087A57B /* StatisticsView.swift in Sources */ = {isa = PBXBuildFile; fileRef = AF44CF882AFE7F5C0087A57B /* StatisticsView.swift */; };
		AF499CAC2B001E6D00255F3A /* CalendarView.swift in Sources */ = {isa = PBXBuildFile; fileRef = AF499CAB2B001E6D00255F3A /* CalendarView.swift */; };
		AF499CAE2B002B8400255F3A /* EventStore.swift in Sources */ = {isa = PBXBuildFile; fileRef = AF499CAD2B002B8400255F3A /* EventStore.swift */; };
		AF499CB02B00319900255F3A /* DaysEventsListView.swift in Sources */ = {isa = PBXBuildFile; fileRef = AF499CAF2B00319900255F3A /* DaysEventsListView.swift */; };
		AF499CB22B00346700255F3A /* EventListViewRow.swift in Sources */ = {isa = PBXBuildFile; fileRef = AF499CB12B00346700255F3A /* EventListViewRow.swift */; };
		AF55F14B2B0518B900D85E2A /* TaskStore.swift in Sources */ = {isa = PBXBuildFile; fileRef = AF55F14A2B0518B900D85E2A /* TaskStore.swift */; };
		AF55F14E2B051E4E00D85E2A /* TaskGetAction.swift in Sources */ = {isa = PBXBuildFile; fileRef = AF55F14D2B051E4E00D85E2A /* TaskGetAction.swift */; };
		AF55F1512B051E8D00D85E2A /* TaskGetResponse.swift in Sources */ = {isa = PBXBuildFile; fileRef = AF55F1502B051E8D00D85E2A /* TaskGetResponse.swift */; };
		AF6F453A2B05B7DD00FA4B9A /* TaskPostAction.swift in Sources */ = {isa = PBXBuildFile; fileRef = AF6F45392B05B7DD00FA4B9A /* TaskPostAction.swift */; };
		AF6F453C2B05B7E900FA4B9A /* TaskPutAction.swift in Sources */ = {isa = PBXBuildFile; fileRef = AF6F453B2B05B7E900FA4B9A /* TaskPutAction.swift */; };
		AF6F453E2B05B7F400FA4B9A /* TaskDeleteAction.swift in Sources */ = {isa = PBXBuildFile; fileRef = AF6F453D2B05B7F400FA4B9A /* TaskDeleteAction.swift */; };
		AF6F45402B05B84500FA4B9A /* TaskPostRequest.swift in Sources */ = {isa = PBXBuildFile; fileRef = AF6F453F2B05B84500FA4B9A /* TaskPostRequest.swift */; };
		AF872EE32B06728A006154DD /* TaskResponse.swift in Sources */ = {isa = PBXBuildFile; fileRef = AF872EE22B06728A006154DD /* TaskResponse.swift */; };
		AF872EE52B067A98006154DD /* TaskPutRequest.swift in Sources */ = {isa = PBXBuildFile; fileRef = AF872EE42B067A98006154DD /* TaskPutRequest.swift */; };
		AF872EE92B0703C8006154DD /* TaskAutoGenerateAction.swift in Sources */ = {isa = PBXBuildFile; fileRef = AF872EE82B0703C8006154DD /* TaskAutoGenerateAction.swift */; };
		AF872EEB2B070B17006154DD /* GroupStore.swift in Sources */ = {isa = PBXBuildFile; fileRef = AF872EEA2B070B17006154DD /* GroupStore.swift */; };
		AF9641CB2B0445D0000608FD /* APIConstants.swift in Sources */ = {isa = PBXBuildFile; fileRef = AF9641CA2B0445D0000608FD /* APIConstants.swift */; };
		AF97E0BA2AFFC33300759297 /* Task.swift in Sources */ = {isa = PBXBuildFile; fileRef = AF97E0B92AFFC33300759297 /* Task.swift */; };
		AF97E0BC2AFFC4C600759297 /* Event.swift in Sources */ = {isa = PBXBuildFile; fileRef = AF97E0BB2AFFC4C600759297 /* Event.swift */; };
		AF97E0BE2AFFC7E500759297 /* TaskListRow.swift in Sources */ = {isa = PBXBuildFile; fileRef = AF97E0BD2AFFC7E500759297 /* TaskListRow.swift */; };
		AF97E0C12AFFC94200759297 /* TasksViewModel.swift in Sources */ = {isa = PBXBuildFile; fileRef = AF97E0C02AFFC94200759297 /* TasksViewModel.swift */; };
		AF97E0C32AFFCCE000759297 /* User.swift in Sources */ = {isa = PBXBuildFile; fileRef = AF97E0C22AFFCCE000759297 /* User.swift */; };
		AF97E0C52AFFD12C00759297 /* SingleTaskView.swift in Sources */ = {isa = PBXBuildFile; fileRef = AF97E0C42AFFD12C00759297 /* SingleTaskView.swift */; };
		AF97E0C72AFFD22E00759297 /* EditTaskView.swift in Sources */ = {isa = PBXBuildFile; fileRef = AF97E0C62AFFD22E00759297 /* EditTaskView.swift */; };
		AFC1FC702B044DCC0086F846 /* AuthStore.swift in Sources */ = {isa = PBXBuildFile; fileRef = AFC1FC6F2B044DCC0086F846 /* AuthStore.swift */; };
		AFC1FC732B0456B50086F846 /* ProfileResponse.swift in Sources */ = {isa = PBXBuildFile; fileRef = AFC1FC722B0456B50086F846 /* ProfileResponse.swift */; };
		AFC1FC782B04570F0086F846 /* ProfileAction.swift in Sources */ = {isa = PBXBuildFile; fileRef = AFC1FC772B04570F0086F846 /* ProfileAction.swift */; };
		AFD997AA2B0273C7004888DC /* CreateGroupView.swift in Sources */ = {isa = PBXBuildFile; fileRef = AFD997A72B0273C7004888DC /* CreateGroupView.swift */; };
		AFD997AB2B0273C7004888DC /* GroupListRow.swift in Sources */ = {isa = PBXBuildFile; fileRef = AFD997A82B0273C7004888DC /* GroupListRow.swift */; };
		AFD997AC2B0273C7004888DC /* GroupTaskListRow.swift in Sources */ = {isa = PBXBuildFile; fileRef = AFD997A92B0273C7004888DC /* GroupTaskListRow.swift */; };
		AFD997B02B0273EA004888DC /* InsightListRow.swift in Sources */ = {isa = PBXBuildFile; fileRef = AFD997AD2B0273EA004888DC /* InsightListRow.swift */; };
		AFD997B12B0273EA004888DC /* SuggestionListRow.swift in Sources */ = {isa = PBXBuildFile; fileRef = AFD997AE2B0273EA004888DC /* SuggestionListRow.swift */; };
		AFD997B22B0273EA004888DC /* UsagePieView.swift in Sources */ = {isa = PBXBuildFile; fileRef = AFD997AF2B0273EA004888DC /* UsagePieView.swift */; };
		AFD997B52B0273F3004888DC /* StatisticsViewModel.swift in Sources */ = {isa = PBXBuildFile; fileRef = AFD997B42B0273F3004888DC /* StatisticsViewModel.swift */; };
		AFD997B72B027431004888DC /* GroupViewModel.swift in Sources */ = {isa = PBXBuildFile; fileRef = AFD997B62B027431004888DC /* GroupViewModel.swift */; };
		AFD997BB2B0274E9004888DC /* ChartDataEntry.swift in Sources */ = {isa = PBXBuildFile; fileRef = AFD997B82B0274E9004888DC /* ChartDataEntry.swift */; };
		AFD997BC2B0274E9004888DC /* Suggestion.swift in Sources */ = {isa = PBXBuildFile; fileRef = AFD997B92B0274E9004888DC /* Suggestion.swift */; };
		AFD997BD2B0274E9004888DC /* Insight.swift in Sources */ = {isa = PBXBuildFile; fileRef = AFD997BA2B0274E9004888DC /* Insight.swift */; };
		AFE05E582AF8060E003D22A2 /* EduEmpowerApp.swift in Sources */ = {isa = PBXBuildFile; fileRef = AFE05E572AF8060E003D22A2 /* EduEmpowerApp.swift */; };
		AFE05E5A2AF8060E003D22A2 /* LoginView.swift in Sources */ = {isa = PBXBuildFile; fileRef = AFE05E592AF8060E003D22A2 /* LoginView.swift */; };
		AFE05E5C2AF8060F003D22A2 /* Assets.xcassets in Resources */ = {isa = PBXBuildFile; fileRef = AFE05E5B2AF8060F003D22A2 /* Assets.xcassets */; };
		AFE05E5F2AF8060F003D22A2 /* Preview Assets.xcassets in Resources */ = {isa = PBXBuildFile; fileRef = AFE05E5E2AF8060F003D22A2 /* Preview Assets.xcassets */; };
		AFE05E682AF80995003D22A2 /* LoginViewModel.swift in Sources */ = {isa = PBXBuildFile; fileRef = AFE05E672AF80995003D22A2 /* LoginViewModel.swift */; };
		AFE05E722AF80CE3003D22A2 /* LoginRequest.swift in Sources */ = {isa = PBXBuildFile; fileRef = AFE05E712AF80CE3003D22A2 /* LoginRequest.swift */; };
		AFE05E742AF80D0E003D22A2 /* LoginResponse.swift in Sources */ = {isa = PBXBuildFile; fileRef = AFE05E732AF80D0E003D22A2 /* LoginResponse.swift */; };
		AFE05E762AF80D33003D22A2 /* LoginAction.swift in Sources */ = {isa = PBXBuildFile; fileRef = AFE05E752AF80D33003D22A2 /* LoginAction.swift */; };
		AFE05E7A2AF810E3003D22A2 /* ForgotPasswordView.swift in Sources */ = {isa = PBXBuildFile; fileRef = AFE05E792AF810E3003D22A2 /* ForgotPasswordView.swift */; };
		AFE05E7C2AF81211003D22A2 /* PasswordViewModel.swift in Sources */ = {isa = PBXBuildFile; fileRef = AFE05E7B2AF81211003D22A2 /* PasswordViewModel.swift */; };
		AFE05E7E2AF81273003D22A2 /* PasswordRequest.swift in Sources */ = {isa = PBXBuildFile; fileRef = AFE05E7D2AF81273003D22A2 /* PasswordRequest.swift */; };
		AFE05E802AF812CC003D22A2 /* PasswordAction.swift in Sources */ = {isa = PBXBuildFile; fileRef = AFE05E7F2AF812CC003D22A2 /* PasswordAction.swift */; };
		AFE05E822AF812DA003D22A2 /* SignUpAction.swift in Sources */ = {isa = PBXBuildFile; fileRef = AFE05E812AF812DA003D22A2 /* SignUpAction.swift */; };
		AFF150022B014BFF000910C7 /* HomeViewModel.swift in Sources */ = {isa = PBXBuildFile; fileRef = AFF150012B014BFF000910C7 /* HomeViewModel.swift */; };
		AFF150092B015943000910C7 /* GoogleSignIn in Frameworks */ = {isa = PBXBuildFile; productRef = AFF150082B015943000910C7 /* GoogleSignIn */; };
		AFF1500B2B015943000910C7 /* GoogleSignInSwift in Frameworks */ = {isa = PBXBuildFile; productRef = AFF1500A2B015943000910C7 /* GoogleSignInSwift */; };
		AFF150122B016C29000910C7 /* GoogleSignInView.swift in Sources */ = {isa = PBXBuildFile; fileRef = AFF150112B016C29000910C7 /* GoogleSignInView.swift */; };
/* End PBXBuildFile section */

/* Begin PBXFileReference section */
		4066843E2B17DD3800394CC7 /* GroupPostRequest.swift */ = {isa = PBXFileReference; lastKnownFileType = sourcecode.swift; path = GroupPostRequest.swift; sourceTree = "<group>"; };
		406684402B17DE7500394CC7 /* GroupGetResponse.swift */ = {isa = PBXFileReference; lastKnownFileType = sourcecode.swift; path = GroupGetResponse.swift; sourceTree = "<group>"; };
		406684422B17DF8300394CC7 /* GroupPutRequest.swift */ = {isa = PBXFileReference; lastKnownFileType = sourcecode.swift; path = GroupPutRequest.swift; sourceTree = "<group>"; };
		406684442B17DFD400394CC7 /* GroupResponse.swift */ = {isa = PBXFileReference; lastKnownFileType = sourcecode.swift; path = GroupResponse.swift; sourceTree = "<group>"; };
		406684462B17E00200394CC7 /* GroupGetAction.swift */ = {isa = PBXFileReference; lastKnownFileType = sourcecode.swift; path = GroupGetAction.swift; sourceTree = "<group>"; };
		406684482B17E15F00394CC7 /* GroupPostAction.swift */ = {isa = PBXFileReference; lastKnownFileType = sourcecode.swift; path = GroupPostAction.swift; sourceTree = "<group>"; };
		4066844A2B17E26800394CC7 /* GroupPutAction.swift */ = {isa = PBXFileReference; lastKnownFileType = sourcecode.swift; path = GroupPutAction.swift; sourceTree = "<group>"; };
		4066844C2B17E31200394CC7 /* GroupDeleteAction.swift */ = {isa = PBXFileReference; lastKnownFileType = sourcecode.swift; path = GroupDeleteAction.swift; sourceTree = "<group>"; };
		409381FA2B0286EF00C3DF39 /* ProfileViewModel.swift */ = {isa = PBXFileReference; lastKnownFileType = sourcecode.swift; path = ProfileViewModel.swift; sourceTree = "<group>"; };
		40C34F0F2B17CEFB00E9110F /* PieChartReport.swift */ = {isa = PBXFileReference; lastKnownFileType = sourcecode.swift; path = PieChartReport.swift; sourceTree = "<group>"; };
		40C34F112B17CF2500E9110F /* PieChartView.swift */ = {isa = PBXFileReference; lastKnownFileType = sourcecode.swift; path = PieChartView.swift; sourceTree = "<group>"; };
		40C612292B0590CA0011650B /* GroupTasksView.swift */ = {isa = PBXFileReference; lastKnownFileType = sourcecode.swift; path = GroupTasksView.swift; sourceTree = "<group>"; };
		40C6122B2B05AF7A0011650B /* EditGroupTaskView.swift */ = {isa = PBXFileReference; lastKnownFileType = sourcecode.swift; path = EditGroupTaskView.swift; sourceTree = "<group>"; };
		40C6122D2B05C4540011650B /* EditGroupView.swift */ = {isa = PBXFileReference; lastKnownFileType = sourcecode.swift; path = EditGroupView.swift; sourceTree = "<group>"; };
		40C6122F2B05CFC80011650B /* GroupInvitationView.swift */ = {isa = PBXFileReference; lastKnownFileType = sourcecode.swift; path = GroupInvitationView.swift; sourceTree = "<group>"; };
		AF0C57332AFD614A005C9E25 /* SignUpView.swift */ = {isa = PBXFileReference; lastKnownFileType = sourcecode.swift; path = SignUpView.swift; sourceTree = "<group>"; };
		AF0C57352AFD62F3005C9E25 /* SignUpViewModel.swift */ = {isa = PBXFileReference; lastKnownFileType = sourcecode.swift; path = SignUpViewModel.swift; sourceTree = "<group>"; };
		AF2216472B0042F800CA4164 /* Group.swift */ = {isa = PBXFileReference; lastKnownFileType = sourcecode.swift; path = Group.swift; sourceTree = "<group>"; };
		AF44CF742AFE7D560087A57B /* HomeView.swift */ = {isa = PBXFileReference; lastKnownFileType = sourcecode.swift; path = HomeView.swift; sourceTree = "<group>"; };
		AF44CF782AFE7E7E0087A57B /* ContentView.swift */ = {isa = PBXFileReference; lastKnownFileType = sourcecode.swift; path = ContentView.swift; sourceTree = "<group>"; };
		AF44CF822AFE7F090087A57B /* GroupsView.swift */ = {isa = PBXFileReference; lastKnownFileType = sourcecode.swift; path = GroupsView.swift; sourceTree = "<group>"; };
		AF44CF842AFE7F260087A57B /* TasksView.swift */ = {isa = PBXFileReference; lastKnownFileType = sourcecode.swift; path = TasksView.swift; sourceTree = "<group>"; };
		AF44CF862AFE7F420087A57B /* ProfileView.swift */ = {isa = PBXFileReference; lastKnownFileType = sourcecode.swift; path = ProfileView.swift; sourceTree = "<group>"; };
		AF44CF882AFE7F5C0087A57B /* StatisticsView.swift */ = {isa = PBXFileReference; lastKnownFileType = sourcecode.swift; path = StatisticsView.swift; sourceTree = "<group>"; };
		AF499CAB2B001E6D00255F3A /* CalendarView.swift */ = {isa = PBXFileReference; lastKnownFileType = sourcecode.swift; path = CalendarView.swift; sourceTree = "<group>"; };
		AF499CAD2B002B8400255F3A /* EventStore.swift */ = {isa = PBXFileReference; lastKnownFileType = sourcecode.swift; path = EventStore.swift; sourceTree = "<group>"; };
		AF499CAF2B00319900255F3A /* DaysEventsListView.swift */ = {isa = PBXFileReference; lastKnownFileType = sourcecode.swift; path = DaysEventsListView.swift; sourceTree = "<group>"; };
		AF499CB12B00346700255F3A /* EventListViewRow.swift */ = {isa = PBXFileReference; lastKnownFileType = sourcecode.swift; path = EventListViewRow.swift; sourceTree = "<group>"; };
		AF55F14A2B0518B900D85E2A /* TaskStore.swift */ = {isa = PBXFileReference; lastKnownFileType = sourcecode.swift; path = TaskStore.swift; sourceTree = "<group>"; };
		AF55F14D2B051E4E00D85E2A /* TaskGetAction.swift */ = {isa = PBXFileReference; lastKnownFileType = sourcecode.swift; path = TaskGetAction.swift; sourceTree = "<group>"; };
		AF55F1502B051E8D00D85E2A /* TaskGetResponse.swift */ = {isa = PBXFileReference; lastKnownFileType = sourcecode.swift; path = TaskGetResponse.swift; sourceTree = "<group>"; };
		AF6F45392B05B7DD00FA4B9A /* TaskPostAction.swift */ = {isa = PBXFileReference; lastKnownFileType = sourcecode.swift; path = TaskPostAction.swift; sourceTree = "<group>"; };
		AF6F453B2B05B7E900FA4B9A /* TaskPutAction.swift */ = {isa = PBXFileReference; lastKnownFileType = sourcecode.swift; path = TaskPutAction.swift; sourceTree = "<group>"; };
		AF6F453D2B05B7F400FA4B9A /* TaskDeleteAction.swift */ = {isa = PBXFileReference; lastKnownFileType = sourcecode.swift; path = TaskDeleteAction.swift; sourceTree = "<group>"; };
		AF6F453F2B05B84500FA4B9A /* TaskPostRequest.swift */ = {isa = PBXFileReference; lastKnownFileType = sourcecode.swift; path = TaskPostRequest.swift; sourceTree = "<group>"; };
		AF872EE22B06728A006154DD /* TaskResponse.swift */ = {isa = PBXFileReference; lastKnownFileType = sourcecode.swift; path = TaskResponse.swift; sourceTree = "<group>"; };
		AF872EE42B067A98006154DD /* TaskPutRequest.swift */ = {isa = PBXFileReference; lastKnownFileType = sourcecode.swift; path = TaskPutRequest.swift; sourceTree = "<group>"; };
		AF872EE82B0703C8006154DD /* TaskAutoGenerateAction.swift */ = {isa = PBXFileReference; lastKnownFileType = sourcecode.swift; path = TaskAutoGenerateAction.swift; sourceTree = "<group>"; };
		AF872EEA2B070B17006154DD /* GroupStore.swift */ = {isa = PBXFileReference; lastKnownFileType = sourcecode.swift; path = GroupStore.swift; sourceTree = "<group>"; };
		AF9641CA2B0445D0000608FD /* APIConstants.swift */ = {isa = PBXFileReference; lastKnownFileType = sourcecode.swift; path = APIConstants.swift; sourceTree = "<group>"; };
		AF97E0B92AFFC33300759297 /* Task.swift */ = {isa = PBXFileReference; lastKnownFileType = sourcecode.swift; path = Task.swift; sourceTree = "<group>"; };
		AF97E0BB2AFFC4C600759297 /* Event.swift */ = {isa = PBXFileReference; lastKnownFileType = sourcecode.swift; path = Event.swift; sourceTree = "<group>"; };
		AF97E0BD2AFFC7E500759297 /* TaskListRow.swift */ = {isa = PBXFileReference; lastKnownFileType = sourcecode.swift; path = TaskListRow.swift; sourceTree = "<group>"; };
		AF97E0C02AFFC94200759297 /* TasksViewModel.swift */ = {isa = PBXFileReference; lastKnownFileType = sourcecode.swift; path = TasksViewModel.swift; sourceTree = "<group>"; };
		AF97E0C22AFFCCE000759297 /* User.swift */ = {isa = PBXFileReference; lastKnownFileType = sourcecode.swift; path = User.swift; sourceTree = "<group>"; };
		AF97E0C42AFFD12C00759297 /* SingleTaskView.swift */ = {isa = PBXFileReference; lastKnownFileType = sourcecode.swift; path = SingleTaskView.swift; sourceTree = "<group>"; };
		AF97E0C62AFFD22E00759297 /* EditTaskView.swift */ = {isa = PBXFileReference; lastKnownFileType = sourcecode.swift; path = EditTaskView.swift; sourceTree = "<group>"; };
		AFC1FC6F2B044DCC0086F846 /* AuthStore.swift */ = {isa = PBXFileReference; lastKnownFileType = sourcecode.swift; path = AuthStore.swift; sourceTree = "<group>"; };
		AFC1FC722B0456B50086F846 /* ProfileResponse.swift */ = {isa = PBXFileReference; lastKnownFileType = sourcecode.swift; path = ProfileResponse.swift; sourceTree = "<group>"; };
		AFC1FC772B04570F0086F846 /* ProfileAction.swift */ = {isa = PBXFileReference; lastKnownFileType = sourcecode.swift; path = ProfileAction.swift; sourceTree = "<group>"; };
		AFD997A72B0273C7004888DC /* CreateGroupView.swift */ = {isa = PBXFileReference; fileEncoding = 4; lastKnownFileType = sourcecode.swift; path = CreateGroupView.swift; sourceTree = "<group>"; };
		AFD997A82B0273C7004888DC /* GroupListRow.swift */ = {isa = PBXFileReference; fileEncoding = 4; lastKnownFileType = sourcecode.swift; path = GroupListRow.swift; sourceTree = "<group>"; };
		AFD997A92B0273C7004888DC /* GroupTaskListRow.swift */ = {isa = PBXFileReference; fileEncoding = 4; lastKnownFileType = sourcecode.swift; path = GroupTaskListRow.swift; sourceTree = "<group>"; };
		AFD997AD2B0273EA004888DC /* InsightListRow.swift */ = {isa = PBXFileReference; fileEncoding = 4; lastKnownFileType = sourcecode.swift; path = InsightListRow.swift; sourceTree = "<group>"; };
		AFD997AE2B0273EA004888DC /* SuggestionListRow.swift */ = {isa = PBXFileReference; fileEncoding = 4; lastKnownFileType = sourcecode.swift; path = SuggestionListRow.swift; sourceTree = "<group>"; };
		AFD997AF2B0273EA004888DC /* UsagePieView.swift */ = {isa = PBXFileReference; fileEncoding = 4; lastKnownFileType = sourcecode.swift; path = UsagePieView.swift; sourceTree = "<group>"; };
		AFD997B42B0273F3004888DC /* StatisticsViewModel.swift */ = {isa = PBXFileReference; fileEncoding = 4; lastKnownFileType = sourcecode.swift; path = StatisticsViewModel.swift; sourceTree = "<group>"; };
		AFD997B62B027431004888DC /* GroupViewModel.swift */ = {isa = PBXFileReference; lastKnownFileType = sourcecode.swift; path = GroupViewModel.swift; sourceTree = "<group>"; };
		AFD997B82B0274E9004888DC /* ChartDataEntry.swift */ = {isa = PBXFileReference; fileEncoding = 4; lastKnownFileType = sourcecode.swift; path = ChartDataEntry.swift; sourceTree = "<group>"; };
		AFD997B92B0274E9004888DC /* Suggestion.swift */ = {isa = PBXFileReference; fileEncoding = 4; lastKnownFileType = sourcecode.swift; path = Suggestion.swift; sourceTree = "<group>"; };
		AFD997BA2B0274E9004888DC /* Insight.swift */ = {isa = PBXFileReference; fileEncoding = 4; lastKnownFileType = sourcecode.swift; path = Insight.swift; sourceTree = "<group>"; };
		AFE05E542AF8060E003D22A2 /* EduEmpower App.app */ = {isa = PBXFileReference; explicitFileType = wrapper.application; includeInIndex = 0; path = "EduEmpower App.app"; sourceTree = BUILT_PRODUCTS_DIR; };
		AFE05E572AF8060E003D22A2 /* EduEmpowerApp.swift */ = {isa = PBXFileReference; lastKnownFileType = sourcecode.swift; path = EduEmpowerApp.swift; sourceTree = "<group>"; };
		AFE05E592AF8060E003D22A2 /* LoginView.swift */ = {isa = PBXFileReference; lastKnownFileType = sourcecode.swift; path = LoginView.swift; sourceTree = "<group>"; };
		AFE05E5B2AF8060F003D22A2 /* Assets.xcassets */ = {isa = PBXFileReference; lastKnownFileType = folder.assetcatalog; path = Assets.xcassets; sourceTree = "<group>"; };
		AFE05E5E2AF8060F003D22A2 /* Preview Assets.xcassets */ = {isa = PBXFileReference; lastKnownFileType = folder.assetcatalog; path = "Preview Assets.xcassets"; sourceTree = "<group>"; };
		AFE05E672AF80995003D22A2 /* LoginViewModel.swift */ = {isa = PBXFileReference; lastKnownFileType = sourcecode.swift; path = LoginViewModel.swift; sourceTree = "<group>"; };
		AFE05E712AF80CE3003D22A2 /* LoginRequest.swift */ = {isa = PBXFileReference; lastKnownFileType = sourcecode.swift; path = LoginRequest.swift; sourceTree = "<group>"; };
		AFE05E732AF80D0E003D22A2 /* LoginResponse.swift */ = {isa = PBXFileReference; lastKnownFileType = sourcecode.swift; path = LoginResponse.swift; sourceTree = "<group>"; };
		AFE05E752AF80D33003D22A2 /* LoginAction.swift */ = {isa = PBXFileReference; lastKnownFileType = sourcecode.swift; path = LoginAction.swift; sourceTree = "<group>"; };
		AFE05E792AF810E3003D22A2 /* ForgotPasswordView.swift */ = {isa = PBXFileReference; lastKnownFileType = sourcecode.swift; path = ForgotPasswordView.swift; sourceTree = "<group>"; };
		AFE05E7B2AF81211003D22A2 /* PasswordViewModel.swift */ = {isa = PBXFileReference; lastKnownFileType = sourcecode.swift; path = PasswordViewModel.swift; sourceTree = "<group>"; };
		AFE05E7D2AF81273003D22A2 /* PasswordRequest.swift */ = {isa = PBXFileReference; lastKnownFileType = sourcecode.swift; path = PasswordRequest.swift; sourceTree = "<group>"; };
		AFE05E7F2AF812CC003D22A2 /* PasswordAction.swift */ = {isa = PBXFileReference; lastKnownFileType = sourcecode.swift; path = PasswordAction.swift; sourceTree = "<group>"; };
		AFE05E812AF812DA003D22A2 /* SignUpAction.swift */ = {isa = PBXFileReference; lastKnownFileType = sourcecode.swift; path = SignUpAction.swift; sourceTree = "<group>"; };
		AFF150012B014BFF000910C7 /* HomeViewModel.swift */ = {isa = PBXFileReference; lastKnownFileType = sourcecode.swift; path = HomeViewModel.swift; sourceTree = "<group>"; };
		AFF150062B0157BA000910C7 /* EduEmpower-App-Info.plist */ = {isa = PBXFileReference; lastKnownFileType = text.plist; path = "EduEmpower-App-Info.plist"; sourceTree = SOURCE_ROOT; };
		AFF150112B016C29000910C7 /* GoogleSignInView.swift */ = {isa = PBXFileReference; lastKnownFileType = sourcecode.swift; path = GoogleSignInView.swift; sourceTree = "<group>"; };
/* End PBXFileReference section */

/* Begin PBXFrameworksBuildPhase section */
		AFE05E512AF8060E003D22A2 /* Frameworks */ = {
			isa = PBXFrameworksBuildPhase;
			buildActionMask = 2147483647;
			files = (
				AFF150092B015943000910C7 /* GoogleSignIn in Frameworks */,
				AFF1500B2B015943000910C7 /* GoogleSignInSwift in Frameworks */,
			);
			runOnlyForDeploymentPostprocessing = 0;
		};
/* End PBXFrameworksBuildPhase section */

/* Begin PBXGroup section */
		4066843C2B17DC6500394CC7 /* Models */ = {
			isa = PBXGroup;
			children = (
				4066843E2B17DD3800394CC7 /* GroupPostRequest.swift */,
				406684402B17DE7500394CC7 /* GroupGetResponse.swift */,
				406684422B17DF8300394CC7 /* GroupPutRequest.swift */,
				406684442B17DFD400394CC7 /* GroupResponse.swift */,
			);
			path = Models;
			sourceTree = "<group>";
		};
		4066843D2B17DC6C00394CC7 /* Actions */ = {
			isa = PBXGroup;
			children = (
				406684462B17E00200394CC7 /* GroupGetAction.swift */,
				406684482B17E15F00394CC7 /* GroupPostAction.swift */,
				4066844A2B17E26800394CC7 /* GroupPutAction.swift */,
				4066844C2B17E31200394CC7 /* GroupDeleteAction.swift */,
			);
			path = Actions;
			sourceTree = "<group>";
		};
		409381F92B0286D500C3DF39 /* ViewModels */ = {
			isa = PBXGroup;
			children = (
				409381FA2B0286EF00C3DF39 /* ProfileViewModel.swift */,
			);
			path = ViewModels;
			sourceTree = "<group>";
		};
		AF44CF6F2AFE7CC50087A57B /* Calendar */ = {
			isa = PBXGroup;
			children = (
				AF44CF732AFE7D030087A57B /* Actions */,
				AF44CF722AFE7CF60087A57B /* Models */,
				AF44CF712AFE7CED0087A57B /* ViewModels */,
				AF44CF702AFE7CE60087A57B /* Views */,
			);
			path = Calendar;
			sourceTree = "<group>";
		};
		AF44CF702AFE7CE60087A57B /* Views */ = {
			isa = PBXGroup;
			children = (
				AF44CF742AFE7D560087A57B /* HomeView.swift */,
				AF499CAB2B001E6D00255F3A /* CalendarView.swift */,
				AF499CAF2B00319900255F3A /* DaysEventsListView.swift */,
				AF499CB12B00346700255F3A /* EventListViewRow.swift */,
				AFF150112B016C29000910C7 /* GoogleSignInView.swift */,
			);
			path = Views;
			sourceTree = "<group>";
		};
		AF44CF712AFE7CED0087A57B /* ViewModels */ = {
			isa = PBXGroup;
			children = (
				AFF150012B014BFF000910C7 /* HomeViewModel.swift */,
			);
			path = ViewModels;
			sourceTree = "<group>";
		};
		AF44CF722AFE7CF60087A57B /* Models */ = {
			isa = PBXGroup;
			children = (
			);
			path = Models;
			sourceTree = "<group>";
		};
		AF44CF732AFE7D030087A57B /* Actions */ = {
			isa = PBXGroup;
			children = (
			);
			path = Actions;
			sourceTree = "<group>";
		};
		AF44CF772AFE7E6D0087A57B /* Views */ = {
			isa = PBXGroup;
			children = (
				AF44CF782AFE7E7E0087A57B /* ContentView.swift */,
			);
			path = Views;
			sourceTree = "<group>";
		};
		AF44CF7A2AFE7EBF0087A57B /* Groups */ = {
			isa = PBXGroup;
			children = (
				4066843C2B17DC6500394CC7 /* Models */,
				4066843D2B17DC6C00394CC7 /* Actions */,
				AFD997A42B0273B6004888DC /* ViewModels */,
				AF44CF812AFE7EFC0087A57B /* Views */,
			);
			path = Groups;
			sourceTree = "<group>";
		};
		AF44CF7B2AFE7ECC0087A57B /* Tasks */ = {
			isa = PBXGroup;
			children = (
				AF55F14F2B051E7D00D85E2A /* Models */,
				AF55F14C2B051E2E00D85E2A /* Actions */,
				AF97E0BF2AFFC92A00759297 /* ViewModels */,
				AF44CF802AFE7EF00087A57B /* Views */,
			);
			path = Tasks;
			sourceTree = "<group>";
		};
		AF44CF7C2AFE7ED40087A57B /* Statistics */ = {
			isa = PBXGroup;
			children = (
				AFD997B32B0273F3004888DC /* ViewModels */,
				AF44CF7F2AFE7EEB0087A57B /* Views */,
			);
			path = Statistics;
			sourceTree = "<group>";
		};
		AF44CF7D2AFE7EDF0087A57B /* Profile */ = {
			isa = PBXGroup;
			children = (
				AFC1FC762B0456FF0086F846 /* Actions */,
				AFC1FC712B0456A00086F846 /* Models */,
				409381F92B0286D500C3DF39 /* ViewModels */,
				AF44CF7E2AFE7EE60087A57B /* Views */,
			);
			path = Profile;
			sourceTree = "<group>";
		};
		AF44CF7E2AFE7EE60087A57B /* Views */ = {
			isa = PBXGroup;
			children = (
				AF44CF862AFE7F420087A57B /* ProfileView.swift */,
			);
			path = Views;
			sourceTree = "<group>";
		};
		AF44CF7F2AFE7EEB0087A57B /* Views */ = {
			isa = PBXGroup;
			children = (
				AFD997AD2B0273EA004888DC /* InsightListRow.swift */,
				AFD997AE2B0273EA004888DC /* SuggestionListRow.swift */,
				AFD997AF2B0273EA004888DC /* UsagePieView.swift */,
				AF44CF882AFE7F5C0087A57B /* StatisticsView.swift */,
				40C34F0F2B17CEFB00E9110F /* PieChartReport.swift */,
				40C34F112B17CF2500E9110F /* PieChartView.swift */,
			);
			path = Views;
			sourceTree = "<group>";
		};
		AF44CF802AFE7EF00087A57B /* Views */ = {
			isa = PBXGroup;
			children = (
				AF44CF842AFE7F260087A57B /* TasksView.swift */,
				AF97E0BD2AFFC7E500759297 /* TaskListRow.swift */,
				AF97E0C42AFFD12C00759297 /* SingleTaskView.swift */,
				AF97E0C62AFFD22E00759297 /* EditTaskView.swift */,
			);
			path = Views;
			sourceTree = "<group>";
		};
		AF44CF812AFE7EFC0087A57B /* Views */ = {
			isa = PBXGroup;
			children = (
				AF44CF822AFE7F090087A57B /* GroupsView.swift */,
				AFD997A72B0273C7004888DC /* CreateGroupView.swift */,
				AFD997A82B0273C7004888DC /* GroupListRow.swift */,
				40C612292B0590CA0011650B /* GroupTasksView.swift */,
				40C6122D2B05C4540011650B /* EditGroupView.swift */,
				AFD997A92B0273C7004888DC /* GroupTaskListRow.swift */,
				40C6122B2B05AF7A0011650B /* EditGroupTaskView.swift */,
				40C6122F2B05CFC80011650B /* GroupInvitationView.swift */,
			);
			path = Views;
			sourceTree = "<group>";
		};
		AF55F14C2B051E2E00D85E2A /* Actions */ = {
			isa = PBXGroup;
			children = (
				AF55F14D2B051E4E00D85E2A /* TaskGetAction.swift */,
				AF6F45392B05B7DD00FA4B9A /* TaskPostAction.swift */,
				AF6F453B2B05B7E900FA4B9A /* TaskPutAction.swift */,
				AF6F453D2B05B7F400FA4B9A /* TaskDeleteAction.swift */,
				AF872EE82B0703C8006154DD /* TaskAutoGenerateAction.swift */,
			);
			path = Actions;
			sourceTree = "<group>";
		};
		AF55F14F2B051E7D00D85E2A /* Models */ = {
			isa = PBXGroup;
			children = (
				AF55F1502B051E8D00D85E2A /* TaskGetResponse.swift */,
				AF6F453F2B05B84500FA4B9A /* TaskPostRequest.swift */,
				AF872EE22B06728A006154DD /* TaskResponse.swift */,
				AF872EE42B067A98006154DD /* TaskPutRequest.swift */,
			);
			path = Models;
			sourceTree = "<group>";
		};
		AF9641C92B0445B2000608FD /* Constants */ = {
			isa = PBXGroup;
			children = (
				AF9641CA2B0445D0000608FD /* APIConstants.swift */,
			);
			path = Constants;
			sourceTree = "<group>";
		};
		AF97E0B82AFFC31B00759297 /* Models */ = {
			isa = PBXGroup;
			children = (
				AFD997B82B0274E9004888DC /* ChartDataEntry.swift */,
				AFD997BA2B0274E9004888DC /* Insight.swift */,
				AFD997B92B0274E9004888DC /* Suggestion.swift */,
				AF97E0B92AFFC33300759297 /* Task.swift */,
				AF97E0BB2AFFC4C600759297 /* Event.swift */,
				AF97E0C22AFFCCE000759297 /* User.swift */,
				AF2216472B0042F800CA4164 /* Group.swift */,
			);
			path = Models;
			sourceTree = "<group>";
		};
		AF97E0BF2AFFC92A00759297 /* ViewModels */ = {
			isa = PBXGroup;
			children = (
				AF97E0C02AFFC94200759297 /* TasksViewModel.swift */,
			);
			path = ViewModels;
			sourceTree = "<group>";
		};
		AFC1FC6E2B044D910086F846 /* DataStores */ = {
			isa = PBXGroup;
			children = (
				AF499CAD2B002B8400255F3A /* EventStore.swift */,
				AFC1FC6F2B044DCC0086F846 /* AuthStore.swift */,
				AF55F14A2B0518B900D85E2A /* TaskStore.swift */,
				AF872EEA2B070B17006154DD /* GroupStore.swift */,
			);
			path = DataStores;
			sourceTree = "<group>";
		};
		AFC1FC712B0456A00086F846 /* Models */ = {
			isa = PBXGroup;
			children = (
				AFC1FC722B0456B50086F846 /* ProfileResponse.swift */,
			);
			path = Models;
			sourceTree = "<group>";
		};
		AFC1FC762B0456FF0086F846 /* Actions */ = {
			isa = PBXGroup;
			children = (
				AFC1FC772B04570F0086F846 /* ProfileAction.swift */,
			);
			path = Actions;
			sourceTree = "<group>";
		};
		AFD997A42B0273B6004888DC /* ViewModels */ = {
			isa = PBXGroup;
			children = (
				AFD997B62B027431004888DC /* GroupViewModel.swift */,
			);
			path = ViewModels;
			sourceTree = "<group>";
		};
		AFD997B32B0273F3004888DC /* ViewModels */ = {
			isa = PBXGroup;
			children = (
				AFD997B42B0273F3004888DC /* StatisticsViewModel.swift */,
			);
			path = ViewModels;
			sourceTree = "<group>";
		};
		AFE05E4B2AF8060E003D22A2 = {
			isa = PBXGroup;
			children = (
				AFE05E562AF8060E003D22A2 /* EduEmpower App */,
				AFE05E552AF8060E003D22A2 /* Products */,
			);
			sourceTree = "<group>";
		};
		AFE05E552AF8060E003D22A2 /* Products */ = {
			isa = PBXGroup;
			children = (
				AFE05E542AF8060E003D22A2 /* EduEmpower App.app */,
			);
			name = Products;
			sourceTree = "<group>";
		};
		AFE05E562AF8060E003D22A2 /* EduEmpower App */ = {
			isa = PBXGroup;
			children = (
				AFF150062B0157BA000910C7 /* EduEmpower-App-Info.plist */,
				AFE05E6D2AF80BB4003D22A2 /* Features */,
				AFE05E572AF8060E003D22A2 /* EduEmpowerApp.swift */,
				AFE05E5B2AF8060F003D22A2 /* Assets.xcassets */,
				AFE05E5D2AF8060F003D22A2 /* Preview Content */,
			);
			path = "EduEmpower App";
			sourceTree = "<group>";
		};
		AFE05E5D2AF8060F003D22A2 /* Preview Content */ = {
			isa = PBXGroup;
			children = (
				AFE05E5E2AF8060F003D22A2 /* Preview Assets.xcassets */,
			);
			path = "Preview Content";
			sourceTree = "<group>";
		};
		AFE05E692AF80A81003D22A2 /* ViewModels */ = {
			isa = PBXGroup;
			children = (
				AFE05E672AF80995003D22A2 /* LoginViewModel.swift */,
				AFE05E7B2AF81211003D22A2 /* PasswordViewModel.swift */,
				AF0C57352AFD62F3005C9E25 /* SignUpViewModel.swift */,
			);
			path = ViewModels;
			sourceTree = "<group>";
		};
		AFE05E6A2AF80AFD003D22A2 /* Views */ = {
			isa = PBXGroup;
			children = (
				AFE05E592AF8060E003D22A2 /* LoginView.swift */,
				AFE05E792AF810E3003D22A2 /* ForgotPasswordView.swift */,
				AF0C57332AFD614A005C9E25 /* SignUpView.swift */,
			);
			path = Views;
			sourceTree = "<group>";
		};
		AFE05E6B2AF80B13003D22A2 /* Actions */ = {
			isa = PBXGroup;
			children = (
				AFE05E752AF80D33003D22A2 /* LoginAction.swift */,
				AFE05E7F2AF812CC003D22A2 /* PasswordAction.swift */,
				AFE05E812AF812DA003D22A2 /* SignUpAction.swift */,
			);
			path = Actions;
			sourceTree = "<group>";
		};
		AFE05E6D2AF80BB4003D22A2 /* Features */ = {
			isa = PBXGroup;
			children = (
				AF44CF7D2AFE7EDF0087A57B /* Profile */,
				AF44CF7C2AFE7ED40087A57B /* Statistics */,
				AF44CF7B2AFE7ECC0087A57B /* Tasks */,
				AF44CF7A2AFE7EBF0087A57B /* Groups */,
				AF44CF6F2AFE7CC50087A57B /* Calendar */,
				AFE05E6F2AF80BD8003D22A2 /* Common */,
				AFE05E6E2AF80BCB003D22A2 /* Login */,
			);
			path = Features;
			sourceTree = "<group>";
		};
		AFE05E6E2AF80BCB003D22A2 /* Login */ = {
			isa = PBXGroup;
			children = (
				AFE05E6B2AF80B13003D22A2 /* Actions */,
				AFE05E702AF80CCB003D22A2 /* Models */,
				AFE05E692AF80A81003D22A2 /* ViewModels */,
				AFE05E6A2AF80AFD003D22A2 /* Views */,
			);
			path = Login;
			sourceTree = "<group>";
		};
		AFE05E6F2AF80BD8003D22A2 /* Common */ = {
			isa = PBXGroup;
			children = (
				AFC1FC6E2B044D910086F846 /* DataStores */,
				AF9641C92B0445B2000608FD /* Constants */,
				AF97E0B82AFFC31B00759297 /* Models */,
				AF44CF772AFE7E6D0087A57B /* Views */,
			);
			path = Common;
			sourceTree = "<group>";
		};
		AFE05E702AF80CCB003D22A2 /* Models */ = {
			isa = PBXGroup;
			children = (
				AFE05E712AF80CE3003D22A2 /* LoginRequest.swift */,
				AFE05E732AF80D0E003D22A2 /* LoginResponse.swift */,
				AFE05E7D2AF81273003D22A2 /* PasswordRequest.swift */,
			);
			path = Models;
			sourceTree = "<group>";
		};
/* End PBXGroup section */

/* Begin PBXNativeTarget section */
		AFE05E532AF8060E003D22A2 /* EduEmpower App */ = {
			isa = PBXNativeTarget;
			buildConfigurationList = AFE05E622AF8060F003D22A2 /* Build configuration list for PBXNativeTarget "EduEmpower App" */;
			buildPhases = (
				AFE05E502AF8060E003D22A2 /* Sources */,
				AFE05E512AF8060E003D22A2 /* Frameworks */,
				AFE05E522AF8060E003D22A2 /* Resources */,
			);
			buildRules = (
			);
			dependencies = (
			);
			name = "EduEmpower App";
			packageProductDependencies = (
				AFF150082B015943000910C7 /* GoogleSignIn */,
				AFF1500A2B015943000910C7 /* GoogleSignInSwift */,
			);
			productName = "EduEmpower App";
			productReference = AFE05E542AF8060E003D22A2 /* EduEmpower App.app */;
			productType = "com.apple.product-type.application";
		};
/* End PBXNativeTarget section */

/* Begin PBXProject section */
		AFE05E4C2AF8060E003D22A2 /* Project object */ = {
			isa = PBXProject;
			attributes = {
				BuildIndependentTargetsInParallel = 1;
				LastSwiftUpdateCheck = 1500;
				LastUpgradeCheck = 1500;
				TargetAttributes = {
					AFE05E532AF8060E003D22A2 = {
						CreatedOnToolsVersion = 15.0.1;
					};
				};
			};
			buildConfigurationList = AFE05E4F2AF8060E003D22A2 /* Build configuration list for PBXProject "EduEmpower App" */;
			compatibilityVersion = "Xcode 14.0";
			developmentRegion = en;
			hasScannedForEncodings = 0;
			knownRegions = (
				en,
				Base,
			);
			mainGroup = AFE05E4B2AF8060E003D22A2;
			packageReferences = (
				AFF150072B015943000910C7 /* XCRemoteSwiftPackageReference "GoogleSignIn-iOS" */,
			);
			productRefGroup = AFE05E552AF8060E003D22A2 /* Products */;
			projectDirPath = "";
			projectRoot = "";
			targets = (
				AFE05E532AF8060E003D22A2 /* EduEmpower App */,
			);
		};
/* End PBXProject section */

/* Begin PBXResourcesBuildPhase section */
		AFE05E522AF8060E003D22A2 /* Resources */ = {
			isa = PBXResourcesBuildPhase;
			buildActionMask = 2147483647;
			files = (
				AFE05E5F2AF8060F003D22A2 /* Preview Assets.xcassets in Resources */,
				AFE05E5C2AF8060F003D22A2 /* Assets.xcassets in Resources */,
			);
			runOnlyForDeploymentPostprocessing = 0;
		};
/* End PBXResourcesBuildPhase section */

/* Begin PBXSourcesBuildPhase section */
		AFE05E502AF8060E003D22A2 /* Sources */ = {
			isa = PBXSourcesBuildPhase;
			buildActionMask = 2147483647;
			files = (
				AF55F14B2B0518B900D85E2A /* TaskStore.swift in Sources */,
				AFE05E5A2AF8060E003D22A2 /* LoginView.swift in Sources */,
				AF6F453E2B05B7F400FA4B9A /* TaskDeleteAction.swift in Sources */,
				AF97E0C72AFFD22E00759297 /* EditTaskView.swift in Sources */,
				AF9641CB2B0445D0000608FD /* APIConstants.swift in Sources */,
				AF0C57362AFD62F3005C9E25 /* SignUpViewModel.swift in Sources */,
				AFF150022B014BFF000910C7 /* HomeViewModel.swift in Sources */,
				40C612302B05CFC90011650B /* GroupInvitationView.swift in Sources */,
				AFE05E7C2AF81211003D22A2 /* PasswordViewModel.swift in Sources */,
				AF6F453A2B05B7DD00FA4B9A /* TaskPostAction.swift in Sources */,
				AFD997BB2B0274E9004888DC /* ChartDataEntry.swift in Sources */,
				4066844D2B17E31200394CC7 /* GroupDeleteAction.swift in Sources */,
				AF97E0C52AFFD12C00759297 /* SingleTaskView.swift in Sources */,
				AFE05E7A2AF810E3003D22A2 /* ForgotPasswordView.swift in Sources */,
				AFE05E582AF8060E003D22A2 /* EduEmpowerApp.swift in Sources */,
				AF0C57342AFD614A005C9E25 /* SignUpView.swift in Sources */,
				AF44CF832AFE7F090087A57B /* GroupsView.swift in Sources */,
				40C6122A2B0590CA0011650B /* GroupTasksView.swift in Sources */,
				406684452B17DFD400394CC7 /* GroupResponse.swift in Sources */,
				40C6122E2B05C4540011650B /* EditGroupView.swift in Sources */,
				AF97E0C12AFFC94200759297 /* TasksViewModel.swift in Sources */,
				AF6F45402B05B84500FA4B9A /* TaskPostRequest.swift in Sources */,
				AFD997B22B0273EA004888DC /* UsagePieView.swift in Sources */,
				AF499CAE2B002B8400255F3A /* EventStore.swift in Sources */,
				AF44CF852AFE7F260087A57B /* TasksView.swift in Sources */,
				AFE05E682AF80995003D22A2 /* LoginViewModel.swift in Sources */,
				40C6122C2B05AF7A0011650B /* EditGroupTaskView.swift in Sources */,
				AFD997AB2B0273C7004888DC /* GroupListRow.swift in Sources */,
				AF97E0BE2AFFC7E500759297 /* TaskListRow.swift in Sources */,
				AFD997B52B0273F3004888DC /* StatisticsViewModel.swift in Sources */,
				AF44CF752AFE7D560087A57B /* HomeView.swift in Sources */,
				AF499CB02B00319900255F3A /* DaysEventsListView.swift in Sources */,
				AFD997B72B027431004888DC /* GroupViewModel.swift in Sources */,
				AFD997B12B0273EA004888DC /* SuggestionListRow.swift in Sources */,
				AFD997AC2B0273C7004888DC /* GroupTaskListRow.swift in Sources */,
				4066843F2B17DD3800394CC7 /* GroupPostRequest.swift in Sources */,
				AF499CAC2B001E6D00255F3A /* CalendarView.swift in Sources */,
				40C34F122B17CF2600E9110F /* PieChartView.swift in Sources */,
				AF872EE52B067A98006154DD /* TaskPutRequest.swift in Sources */,
				AF44CF872AFE7F420087A57B /* ProfileView.swift in Sources */,
				AF97E0BC2AFFC4C600759297 /* Event.swift in Sources */,
				AF6F453C2B05B7E900FA4B9A /* TaskPutAction.swift in Sources */,
				AF872EE92B0703C8006154DD /* TaskAutoGenerateAction.swift in Sources */,
				AFE05E722AF80CE3003D22A2 /* LoginRequest.swift in Sources */,
				406684412B17DE7500394CC7 /* GroupGetResponse.swift in Sources */,
				AF55F1512B051E8D00D85E2A /* TaskGetResponse.swift in Sources */,
				40C34F102B17CEFB00E9110F /* PieChartReport.swift in Sources */,
				AFE05E822AF812DA003D22A2 /* SignUpAction.swift in Sources */,
				AFD997BC2B0274E9004888DC /* Suggestion.swift in Sources */,
				406684492B17E15F00394CC7 /* GroupPostAction.swift in Sources */,
				AFD997BD2B0274E9004888DC /* Insight.swift in Sources */,
				AFC1FC732B0456B50086F846 /* ProfileResponse.swift in Sources */,
				AFE05E802AF812CC003D22A2 /* PasswordAction.swift in Sources */,
				AF44CF792AFE7E7E0087A57B /* ContentView.swift in Sources */,
				AFC1FC782B04570F0086F846 /* ProfileAction.swift in Sources */,
				AFE05E7E2AF81273003D22A2 /* PasswordRequest.swift in Sources */,
				AF872EE32B06728A006154DD /* TaskResponse.swift in Sources */,
				AF499CB22B00346700255F3A /* EventListViewRow.swift in Sources */,
				AF44CF892AFE7F5C0087A57B /* StatisticsView.swift in Sources */,
				AF97E0C32AFFCCE000759297 /* User.swift in Sources */,
				AFE05E742AF80D0E003D22A2 /* LoginResponse.swift in Sources */,
				AF55F14E2B051E4E00D85E2A /* TaskGetAction.swift in Sources */,
				AF2216482B0042F800CA4164 /* Group.swift in Sources */,
				406684432B17DF8300394CC7 /* GroupPutRequest.swift in Sources */,
				AFC1FC702B044DCC0086F846 /* AuthStore.swift in Sources */,
				AF872EEB2B070B17006154DD /* GroupStore.swift in Sources */,
				409381FB2B0286EF00C3DF39 /* ProfileViewModel.swift in Sources */,
				4066844B2B17E26800394CC7 /* GroupPutAction.swift in Sources */,
				406684472B17E00200394CC7 /* GroupGetAction.swift in Sources */,
				AFD997B02B0273EA004888DC /* InsightListRow.swift in Sources */,
				AF97E0BA2AFFC33300759297 /* Task.swift in Sources */,
				AFD997AA2B0273C7004888DC /* CreateGroupView.swift in Sources */,
				AFE05E762AF80D33003D22A2 /* LoginAction.swift in Sources */,
				AFF150122B016C29000910C7 /* GoogleSignInView.swift in Sources */,
			);
			runOnlyForDeploymentPostprocessing = 0;
		};
/* End PBXSourcesBuildPhase section */

/* Begin XCBuildConfiguration section */
		AFE05E602AF8060F003D22A2 /* Debug */ = {
			isa = XCBuildConfiguration;
			buildSettings = {
				ALWAYS_SEARCH_USER_PATHS = NO;
				ASSETCATALOG_COMPILER_GENERATE_SWIFT_ASSET_SYMBOL_EXTENSIONS = YES;
				CLANG_ANALYZER_NONNULL = YES;
				CLANG_ANALYZER_NUMBER_OBJECT_CONVERSION = YES_AGGRESSIVE;
				CLANG_CXX_LANGUAGE_STANDARD = "gnu++20";
				CLANG_ENABLE_MODULES = YES;
				CLANG_ENABLE_OBJC_ARC = YES;
				CLANG_ENABLE_OBJC_WEAK = YES;
				CLANG_WARN_BLOCK_CAPTURE_AUTORELEASING = YES;
				CLANG_WARN_BOOL_CONVERSION = YES;
				CLANG_WARN_COMMA = YES;
				CLANG_WARN_CONSTANT_CONVERSION = YES;
				CLANG_WARN_DEPRECATED_OBJC_IMPLEMENTATIONS = YES;
				CLANG_WARN_DIRECT_OBJC_ISA_USAGE = YES_ERROR;
				CLANG_WARN_DOCUMENTATION_COMMENTS = YES;
				CLANG_WARN_EMPTY_BODY = YES;
				CLANG_WARN_ENUM_CONVERSION = YES;
				CLANG_WARN_INFINITE_RECURSION = YES;
				CLANG_WARN_INT_CONVERSION = YES;
				CLANG_WARN_NON_LITERAL_NULL_CONVERSION = YES;
				CLANG_WARN_OBJC_IMPLICIT_RETAIN_SELF = YES;
				CLANG_WARN_OBJC_LITERAL_CONVERSION = YES;
				CLANG_WARN_OBJC_ROOT_CLASS = YES_ERROR;
				CLANG_WARN_QUOTED_INCLUDE_IN_FRAMEWORK_HEADER = YES;
				CLANG_WARN_RANGE_LOOP_ANALYSIS = YES;
				CLANG_WARN_STRICT_PROTOTYPES = YES;
				CLANG_WARN_SUSPICIOUS_MOVE = YES;
				CLANG_WARN_UNGUARDED_AVAILABILITY = YES_AGGRESSIVE;
				CLANG_WARN_UNREACHABLE_CODE = YES;
				CLANG_WARN__DUPLICATE_METHOD_MATCH = YES;
				COPY_PHASE_STRIP = NO;
				DEBUG_INFORMATION_FORMAT = dwarf;
				ENABLE_STRICT_OBJC_MSGSEND = YES;
				ENABLE_TESTABILITY = YES;
				ENABLE_USER_SCRIPT_SANDBOXING = YES;
				GCC_C_LANGUAGE_STANDARD = gnu17;
				GCC_DYNAMIC_NO_PIC = NO;
				GCC_NO_COMMON_BLOCKS = YES;
				GCC_OPTIMIZATION_LEVEL = 0;
				GCC_PREPROCESSOR_DEFINITIONS = (
					"DEBUG=1",
					"$(inherited)",
				);
				GCC_WARN_64_TO_32_BIT_CONVERSION = YES;
				GCC_WARN_ABOUT_RETURN_TYPE = YES_ERROR;
				GCC_WARN_UNDECLARED_SELECTOR = YES;
				GCC_WARN_UNINITIALIZED_AUTOS = YES_AGGRESSIVE;
				GCC_WARN_UNUSED_FUNCTION = YES;
				GCC_WARN_UNUSED_VARIABLE = YES;
				IPHONEOS_DEPLOYMENT_TARGET = 17.0;
				LOCALIZATION_PREFERS_STRING_CATALOGS = YES;
				MTL_ENABLE_DEBUG_INFO = INCLUDE_SOURCE;
				MTL_FAST_MATH = YES;
				ONLY_ACTIVE_ARCH = YES;
				SDKROOT = iphoneos;
				SWIFT_ACTIVE_COMPILATION_CONDITIONS = "DEBUG $(inherited)";
				SWIFT_OPTIMIZATION_LEVEL = "-Onone";
			};
			name = Debug;
		};
		AFE05E612AF8060F003D22A2 /* Release */ = {
			isa = XCBuildConfiguration;
			buildSettings = {
				ALWAYS_SEARCH_USER_PATHS = NO;
				ASSETCATALOG_COMPILER_GENERATE_SWIFT_ASSET_SYMBOL_EXTENSIONS = YES;
				CLANG_ANALYZER_NONNULL = YES;
				CLANG_ANALYZER_NUMBER_OBJECT_CONVERSION = YES_AGGRESSIVE;
				CLANG_CXX_LANGUAGE_STANDARD = "gnu++20";
				CLANG_ENABLE_MODULES = YES;
				CLANG_ENABLE_OBJC_ARC = YES;
				CLANG_ENABLE_OBJC_WEAK = YES;
				CLANG_WARN_BLOCK_CAPTURE_AUTORELEASING = YES;
				CLANG_WARN_BOOL_CONVERSION = YES;
				CLANG_WARN_COMMA = YES;
				CLANG_WARN_CONSTANT_CONVERSION = YES;
				CLANG_WARN_DEPRECATED_OBJC_IMPLEMENTATIONS = YES;
				CLANG_WARN_DIRECT_OBJC_ISA_USAGE = YES_ERROR;
				CLANG_WARN_DOCUMENTATION_COMMENTS = YES;
				CLANG_WARN_EMPTY_BODY = YES;
				CLANG_WARN_ENUM_CONVERSION = YES;
				CLANG_WARN_INFINITE_RECURSION = YES;
				CLANG_WARN_INT_CONVERSION = YES;
				CLANG_WARN_NON_LITERAL_NULL_CONVERSION = YES;
				CLANG_WARN_OBJC_IMPLICIT_RETAIN_SELF = YES;
				CLANG_WARN_OBJC_LITERAL_CONVERSION = YES;
				CLANG_WARN_OBJC_ROOT_CLASS = YES_ERROR;
				CLANG_WARN_QUOTED_INCLUDE_IN_FRAMEWORK_HEADER = YES;
				CLANG_WARN_RANGE_LOOP_ANALYSIS = YES;
				CLANG_WARN_STRICT_PROTOTYPES = YES;
				CLANG_WARN_SUSPICIOUS_MOVE = YES;
				CLANG_WARN_UNGUARDED_AVAILABILITY = YES_AGGRESSIVE;
				CLANG_WARN_UNREACHABLE_CODE = YES;
				CLANG_WARN__DUPLICATE_METHOD_MATCH = YES;
				COPY_PHASE_STRIP = NO;
				DEBUG_INFORMATION_FORMAT = "dwarf-with-dsym";
				ENABLE_NS_ASSERTIONS = NO;
				ENABLE_STRICT_OBJC_MSGSEND = YES;
				ENABLE_USER_SCRIPT_SANDBOXING = YES;
				GCC_C_LANGUAGE_STANDARD = gnu17;
				GCC_NO_COMMON_BLOCKS = YES;
				GCC_WARN_64_TO_32_BIT_CONVERSION = YES;
				GCC_WARN_ABOUT_RETURN_TYPE = YES_ERROR;
				GCC_WARN_UNDECLARED_SELECTOR = YES;
				GCC_WARN_UNINITIALIZED_AUTOS = YES_AGGRESSIVE;
				GCC_WARN_UNUSED_FUNCTION = YES;
				GCC_WARN_UNUSED_VARIABLE = YES;
				IPHONEOS_DEPLOYMENT_TARGET = 17.0;
				LOCALIZATION_PREFERS_STRING_CATALOGS = YES;
				MTL_ENABLE_DEBUG_INFO = NO;
				MTL_FAST_MATH = YES;
				SDKROOT = iphoneos;
				SWIFT_COMPILATION_MODE = wholemodule;
				VALIDATE_PRODUCT = YES;
			};
			name = Release;
		};
		AFE05E632AF8060F003D22A2 /* Debug */ = {
			isa = XCBuildConfiguration;
			buildSettings = {
				ASSETCATALOG_COMPILER_APPICON_NAME = AppIcon;
				ASSETCATALOG_COMPILER_GLOBAL_ACCENT_COLOR_NAME = AccentColor;
				CODE_SIGN_STYLE = Automatic;
				CURRENT_PROJECT_VERSION = 1;
				DEVELOPMENT_ASSET_PATHS = "\"EduEmpower App/Preview Content\"";
				DEVELOPMENT_TEAM = ZFFQQM46Q6;
				ENABLE_PREVIEWS = YES;
				GENERATE_INFOPLIST_FILE = YES;
				INFOPLIST_FILE = "EduEmpower-App-Info.plist";
				INFOPLIST_KEY_UIApplicationSceneManifest_Generation = YES;
				INFOPLIST_KEY_UIApplicationSupportsIndirectInputEvents = YES;
				INFOPLIST_KEY_UILaunchScreen_Generation = YES;
				INFOPLIST_KEY_UISupportedInterfaceOrientations_iPad = "UIInterfaceOrientationPortrait UIInterfaceOrientationPortraitUpsideDown UIInterfaceOrientationLandscapeLeft UIInterfaceOrientationLandscapeRight";
				INFOPLIST_KEY_UISupportedInterfaceOrientations_iPhone = "UIInterfaceOrientationPortrait UIInterfaceOrientationLandscapeLeft UIInterfaceOrientationLandscapeRight";
				LD_RUNPATH_SEARCH_PATHS = (
					"$(inherited)",
					"@executable_path/Frameworks",
				);
				MARKETING_VERSION = 1.0;
				PRODUCT_BUNDLE_IDENTIFIER = "EduEmpower.EduEmpower-App";
				PRODUCT_NAME = "$(TARGET_NAME)";
				SWIFT_EMIT_LOC_STRINGS = YES;
				SWIFT_VERSION = 5.0;
				TARGETED_DEVICE_FAMILY = "1,2";
			};
			name = Debug;
		};
		AFE05E642AF8060F003D22A2 /* Release */ = {
			isa = XCBuildConfiguration;
			buildSettings = {
				ASSETCATALOG_COMPILER_APPICON_NAME = AppIcon;
				ASSETCATALOG_COMPILER_GLOBAL_ACCENT_COLOR_NAME = AccentColor;
				CODE_SIGN_STYLE = Automatic;
				CURRENT_PROJECT_VERSION = 1;
				DEVELOPMENT_ASSET_PATHS = "\"EduEmpower App/Preview Content\"";
				DEVELOPMENT_TEAM = ZFFQQM46Q6;
				ENABLE_PREVIEWS = YES;
				GENERATE_INFOPLIST_FILE = YES;
				INFOPLIST_FILE = "EduEmpower-App-Info.plist";
				INFOPLIST_KEY_UIApplicationSceneManifest_Generation = YES;
				INFOPLIST_KEY_UIApplicationSupportsIndirectInputEvents = YES;
				INFOPLIST_KEY_UILaunchScreen_Generation = YES;
				INFOPLIST_KEY_UISupportedInterfaceOrientations_iPad = "UIInterfaceOrientationPortrait UIInterfaceOrientationPortraitUpsideDown UIInterfaceOrientationLandscapeLeft UIInterfaceOrientationLandscapeRight";
				INFOPLIST_KEY_UISupportedInterfaceOrientations_iPhone = "UIInterfaceOrientationPortrait UIInterfaceOrientationLandscapeLeft UIInterfaceOrientationLandscapeRight";
				LD_RUNPATH_SEARCH_PATHS = (
					"$(inherited)",
					"@executable_path/Frameworks",
				);
				MARKETING_VERSION = 1.0;
				PRODUCT_BUNDLE_IDENTIFIER = "EduEmpower.EduEmpower-App";
				PRODUCT_NAME = "$(TARGET_NAME)";
				SWIFT_EMIT_LOC_STRINGS = YES;
				SWIFT_VERSION = 5.0;
				TARGETED_DEVICE_FAMILY = "1,2";
			};
			name = Release;
		};
/* End XCBuildConfiguration section */

/* Begin XCConfigurationList section */
		AFE05E4F2AF8060E003D22A2 /* Build configuration list for PBXProject "EduEmpower App" */ = {
			isa = XCConfigurationList;
			buildConfigurations = (
				AFE05E602AF8060F003D22A2 /* Debug */,
				AFE05E612AF8060F003D22A2 /* Release */,
			);
			defaultConfigurationIsVisible = 0;
			defaultConfigurationName = Release;
		};
		AFE05E622AF8060F003D22A2 /* Build configuration list for PBXNativeTarget "EduEmpower App" */ = {
			isa = XCConfigurationList;
			buildConfigurations = (
				AFE05E632AF8060F003D22A2 /* Debug */,
				AFE05E642AF8060F003D22A2 /* Release */,
			);
			defaultConfigurationIsVisible = 0;
			defaultConfigurationName = Release;
		};
/* End XCConfigurationList section */

/* Begin XCRemoteSwiftPackageReference section */
		AFF150072B015943000910C7 /* XCRemoteSwiftPackageReference "GoogleSignIn-iOS" */ = {
			isa = XCRemoteSwiftPackageReference;
			repositoryURL = "https://github.com/google/GoogleSignIn-iOS.git";
			requirement = {
				kind = upToNextMajorVersion;
				minimumVersion = 7.0.0;
			};
		};
/* End XCRemoteSwiftPackageReference section */

/* Begin XCSwiftPackageProductDependency section */
		AFF150082B015943000910C7 /* GoogleSignIn */ = {
			isa = XCSwiftPackageProductDependency;
			package = AFF150072B015943000910C7 /* XCRemoteSwiftPackageReference "GoogleSignIn-iOS" */;
			productName = GoogleSignIn;
		};
		AFF1500A2B015943000910C7 /* GoogleSignInSwift */ = {
			isa = XCSwiftPackageProductDependency;
			package = AFF150072B015943000910C7 /* XCRemoteSwiftPackageReference "GoogleSignIn-iOS" */;
			productName = GoogleSignInSwift;
		};
/* End XCSwiftPackageProductDependency section */
	};
	rootObject = AFE05E4C2AF8060E003D22A2 /* Project object */;
}
