// !$*UTF8*$!
{
	archiveVersion = 1;
	classes = {
	};
	objectVersion = 56;
	objects = {

/* Begin PBXBuildFile section */
		AF0C57342AFD614A005C9E25 /* SignUpView.swift in Sources */ = {isa = PBXBuildFile; fileRef = AF0C57332AFD614A005C9E25 /* SignUpView.swift */; };
		AF0C57362AFD62F3005C9E25 /* SignUpViewModel.swift in Sources */ = {isa = PBXBuildFile; fileRef = AF0C57352AFD62F3005C9E25 /* SignUpViewModel.swift */; };
		AF2216482B0042F800CA4164 /* Group.swift in Sources */ = {isa = PBXBuildFile; fileRef = AF2216472B0042F800CA4164 /* Group.swift */; };
		AF44CF752AFE7D560087A57B /* HomeView.swift in Sources */ = {isa = PBXBuildFile; fileRef = AF44CF742AFE7D560087A57B /* HomeView.swift */; };
		AF44CF792AFE7E7E0087A57B /* ContentView.swift in Sources */ = {isa = PBXBuildFile; fileRef = AF44CF782AFE7E7E0087A57B /* ContentView.swift */; };
		AF44CF832AFE7F090087A57B /* GroupsView.swift in Sources */ = {isa = PBXBuildFile; fileRef = AF44CF822AFE7F090087A57B /* GroupsView.swift */; };
		AF44CF852AFE7F260087A57B /* TasksView.swift in Sources */ = {isa = PBXBuildFile; fileRef = AF44CF842AFE7F260087A57B /* TasksView.swift */; };
		AF44CF872AFE7F420087A57B /* ProfileView.swift in Sources */ = {isa = PBXBuildFile; fileRef = AF44CF862AFE7F420087A57B /* ProfileView.swift */; };
		AF44CF892AFE7F5C0087A57B /* StatisticsView.swift in Sources */ = {isa = PBXBuildFile; fileRef = AF44CF882AFE7F5C0087A57B /* StatisticsView.swift */; };
		AF499CAC2B001E6D00255F3A /* CalendarView.swift in Sources */ = {isa = PBXBuildFile; fileRef = AF499CAB2B001E6D00255F3A /* CalendarView.swift */; };
		AF499CAE2B002B8400255F3A /* EventStore.swift in Sources */ = {isa = PBXBuildFile; fileRef = AF499CAD2B002B8400255F3A /* EventStore.swift */; };
		AF499CB02B00319900255F3A /* DaysEventsListView.swift in Sources */ = {isa = PBXBuildFile; fileRef = AF499CAF2B00319900255F3A /* DaysEventsListView.swift */; };
		AF499CB22B00346700255F3A /* EventListViewRow.swift in Sources */ = {isa = PBXBuildFile; fileRef = AF499CB12B00346700255F3A /* EventListViewRow.swift */; };
		AF97E0BA2AFFC33300759297 /* Task.swift in Sources */ = {isa = PBXBuildFile; fileRef = AF97E0B92AFFC33300759297 /* Task.swift */; };
		AF97E0BC2AFFC4C600759297 /* Event.swift in Sources */ = {isa = PBXBuildFile; fileRef = AF97E0BB2AFFC4C600759297 /* Event.swift */; };
		AF97E0BE2AFFC7E500759297 /* TaskListRow.swift in Sources */ = {isa = PBXBuildFile; fileRef = AF97E0BD2AFFC7E500759297 /* TaskListRow.swift */; };
		AF97E0C12AFFC94200759297 /* TasksViewModel.swift in Sources */ = {isa = PBXBuildFile; fileRef = AF97E0C02AFFC94200759297 /* TasksViewModel.swift */; };
		AF97E0C32AFFCCE000759297 /* User.swift in Sources */ = {isa = PBXBuildFile; fileRef = AF97E0C22AFFCCE000759297 /* User.swift */; };
		AF97E0C52AFFD12C00759297 /* SingleTaskView.swift in Sources */ = {isa = PBXBuildFile; fileRef = AF97E0C42AFFD12C00759297 /* SingleTaskView.swift */; };
		AF97E0C72AFFD22E00759297 /* EditTaskView.swift in Sources */ = {isa = PBXBuildFile; fileRef = AF97E0C62AFFD22E00759297 /* EditTaskView.swift */; };
		AFE05E582AF8060E003D22A2 /* EduEmpowerApp.swift in Sources */ = {isa = PBXBuildFile; fileRef = AFE05E572AF8060E003D22A2 /* EduEmpowerApp.swift */; };
		AFE05E5A2AF8060E003D22A2 /* LoginView.swift in Sources */ = {isa = PBXBuildFile; fileRef = AFE05E592AF8060E003D22A2 /* LoginView.swift */; };
		AFE05E5C2AF8060F003D22A2 /* Assets.xcassets in Resources */ = {isa = PBXBuildFile; fileRef = AFE05E5B2AF8060F003D22A2 /* Assets.xcassets */; };
		AFE05E5F2AF8060F003D22A2 /* Preview Assets.xcassets in Resources */ = {isa = PBXBuildFile; fileRef = AFE05E5E2AF8060F003D22A2 /* Preview Assets.xcassets */; };
		AFE05E682AF80995003D22A2 /* LoginViewModel.swift in Sources */ = {isa = PBXBuildFile; fileRef = AFE05E672AF80995003D22A2 /* LoginViewModel.swift */; };
		AFE05E722AF80CE3003D22A2 /* LoginRequest.swift in Sources */ = {isa = PBXBuildFile; fileRef = AFE05E712AF80CE3003D22A2 /* LoginRequest.swift */; };
		AFE05E742AF80D0E003D22A2 /* LoginResponse.swift in Sources */ = {isa = PBXBuildFile; fileRef = AFE05E732AF80D0E003D22A2 /* LoginResponse.swift */; };
		AFE05E762AF80D33003D22A2 /* LoginAction.swift in Sources */ = {isa = PBXBuildFile; fileRef = AFE05E752AF80D33003D22A2 /* LoginAction.swift */; };
		AFE05E7A2AF810E3003D22A2 /* ForgotPasswordView.swift in Sources */ = {isa = PBXBuildFile; fileRef = AFE05E792AF810E3003D22A2 /* ForgotPasswordView.swift */; };
		AFE05E7C2AF81211003D22A2 /* PasswordViewModel.swift in Sources */ = {isa = PBXBuildFile; fileRef = AFE05E7B2AF81211003D22A2 /* PasswordViewModel.swift */; };
		AFE05E7E2AF81273003D22A2 /* PasswordRequest.swift in Sources */ = {isa = PBXBuildFile; fileRef = AFE05E7D2AF81273003D22A2 /* PasswordRequest.swift */; };
		AFE05E802AF812CC003D22A2 /* PasswordAction.swift in Sources */ = {isa = PBXBuildFile; fileRef = AFE05E7F2AF812CC003D22A2 /* PasswordAction.swift */; };
		AFE05E822AF812DA003D22A2 /* SignUpAction.swift in Sources */ = {isa = PBXBuildFile; fileRef = AFE05E812AF812DA003D22A2 /* SignUpAction.swift */; };
		AFF150022B014BFF000910C7 /* HomeViewModel.swift in Sources */ = {isa = PBXBuildFile; fileRef = AFF150012B014BFF000910C7 /* HomeViewModel.swift */; };
		AFF150092B015943000910C7 /* GoogleSignIn in Frameworks */ = {isa = PBXBuildFile; productRef = AFF150082B015943000910C7 /* GoogleSignIn */; };
		AFF1500B2B015943000910C7 /* GoogleSignInSwift in Frameworks */ = {isa = PBXBuildFile; productRef = AFF1500A2B015943000910C7 /* GoogleSignInSwift */; };
		AFF150122B016C29000910C7 /* GoogleSignInView.swift in Sources */ = {isa = PBXBuildFile; fileRef = AFF150112B016C29000910C7 /* GoogleSignInView.swift */; };
/* End PBXBuildFile section */

/* Begin PBXFileReference section */
		AF0C57332AFD614A005C9E25 /* SignUpView.swift */ = {isa = PBXFileReference; lastKnownFileType = sourcecode.swift; path = SignUpView.swift; sourceTree = "<group>"; };
		AF0C57352AFD62F3005C9E25 /* SignUpViewModel.swift */ = {isa = PBXFileReference; lastKnownFileType = sourcecode.swift; path = SignUpViewModel.swift; sourceTree = "<group>"; };
		AF2216472B0042F800CA4164 /* Group.swift */ = {isa = PBXFileReference; lastKnownFileType = sourcecode.swift; path = Group.swift; sourceTree = "<group>"; };
		AF44CF742AFE7D560087A57B /* HomeView.swift */ = {isa = PBXFileReference; lastKnownFileType = sourcecode.swift; path = HomeView.swift; sourceTree = "<group>"; };
		AF44CF782AFE7E7E0087A57B /* ContentView.swift */ = {isa = PBXFileReference; lastKnownFileType = sourcecode.swift; path = ContentView.swift; sourceTree = "<group>"; };
		AF44CF822AFE7F090087A57B /* GroupsView.swift */ = {isa = PBXFileReference; lastKnownFileType = sourcecode.swift; path = GroupsView.swift; sourceTree = "<group>"; };
		AF44CF842AFE7F260087A57B /* TasksView.swift */ = {isa = PBXFileReference; lastKnownFileType = sourcecode.swift; path = TasksView.swift; sourceTree = "<group>"; };
		AF44CF862AFE7F420087A57B /* ProfileView.swift */ = {isa = PBXFileReference; lastKnownFileType = sourcecode.swift; path = ProfileView.swift; sourceTree = "<group>"; };
		AF44CF882AFE7F5C0087A57B /* StatisticsView.swift */ = {isa = PBXFileReference; lastKnownFileType = sourcecode.swift; path = StatisticsView.swift; sourceTree = "<group>"; };
		AF499CAB2B001E6D00255F3A /* CalendarView.swift */ = {isa = PBXFileReference; lastKnownFileType = sourcecode.swift; path = CalendarView.swift; sourceTree = "<group>"; };
		AF499CAD2B002B8400255F3A /* EventStore.swift */ = {isa = PBXFileReference; lastKnownFileType = sourcecode.swift; path = EventStore.swift; sourceTree = "<group>"; };
		AF499CAF2B00319900255F3A /* DaysEventsListView.swift */ = {isa = PBXFileReference; lastKnownFileType = sourcecode.swift; path = DaysEventsListView.swift; sourceTree = "<group>"; };
		AF499CB12B00346700255F3A /* EventListViewRow.swift */ = {isa = PBXFileReference; lastKnownFileType = sourcecode.swift; path = EventListViewRow.swift; sourceTree = "<group>"; };
		AF97E0B92AFFC33300759297 /* Task.swift */ = {isa = PBXFileReference; lastKnownFileType = sourcecode.swift; path = Task.swift; sourceTree = "<group>"; };
		AF97E0BB2AFFC4C600759297 /* Event.swift */ = {isa = PBXFileReference; lastKnownFileType = sourcecode.swift; path = Event.swift; sourceTree = "<group>"; };
		AF97E0BD2AFFC7E500759297 /* TaskListRow.swift */ = {isa = PBXFileReference; lastKnownFileType = sourcecode.swift; path = TaskListRow.swift; sourceTree = "<group>"; };
		AF97E0C02AFFC94200759297 /* TasksViewModel.swift */ = {isa = PBXFileReference; lastKnownFileType = sourcecode.swift; path = TasksViewModel.swift; sourceTree = "<group>"; };
		AF97E0C22AFFCCE000759297 /* User.swift */ = {isa = PBXFileReference; lastKnownFileType = sourcecode.swift; path = User.swift; sourceTree = "<group>"; };
		AF97E0C42AFFD12C00759297 /* SingleTaskView.swift */ = {isa = PBXFileReference; lastKnownFileType = sourcecode.swift; path = SingleTaskView.swift; sourceTree = "<group>"; };
		AF97E0C62AFFD22E00759297 /* EditTaskView.swift */ = {isa = PBXFileReference; lastKnownFileType = sourcecode.swift; path = EditTaskView.swift; sourceTree = "<group>"; };
		AFE05E542AF8060E003D22A2 /* EduEmpower App.app */ = {isa = PBXFileReference; explicitFileType = wrapper.application; includeInIndex = 0; path = "EduEmpower App.app"; sourceTree = BUILT_PRODUCTS_DIR; };
		AFE05E572AF8060E003D22A2 /* EduEmpowerApp.swift */ = {isa = PBXFileReference; lastKnownFileType = sourcecode.swift; path = EduEmpowerApp.swift; sourceTree = "<group>"; };
		AFE05E592AF8060E003D22A2 /* LoginView.swift */ = {isa = PBXFileReference; lastKnownFileType = sourcecode.swift; path = LoginView.swift; sourceTree = "<group>"; };
		AFE05E5B2AF8060F003D22A2 /* Assets.xcassets */ = {isa = PBXFileReference; lastKnownFileType = folder.assetcatalog; path = Assets.xcassets; sourceTree = "<group>"; };
		AFE05E5E2AF8060F003D22A2 /* Preview Assets.xcassets */ = {isa = PBXFileReference; lastKnownFileType = folder.assetcatalog; path = "Preview Assets.xcassets"; sourceTree = "<group>"; };
		AFE05E672AF80995003D22A2 /* LoginViewModel.swift */ = {isa = PBXFileReference; lastKnownFileType = sourcecode.swift; path = LoginViewModel.swift; sourceTree = "<group>"; };
		AFE05E712AF80CE3003D22A2 /* LoginRequest.swift */ = {isa = PBXFileReference; lastKnownFileType = sourcecode.swift; path = LoginRequest.swift; sourceTree = "<group>"; };
		AFE05E732AF80D0E003D22A2 /* LoginResponse.swift */ = {isa = PBXFileReference; lastKnownFileType = sourcecode.swift; path = LoginResponse.swift; sourceTree = "<group>"; };
		AFE05E752AF80D33003D22A2 /* LoginAction.swift */ = {isa = PBXFileReference; lastKnownFileType = sourcecode.swift; path = LoginAction.swift; sourceTree = "<group>"; };
		AFE05E792AF810E3003D22A2 /* ForgotPasswordView.swift */ = {isa = PBXFileReference; lastKnownFileType = sourcecode.swift; path = ForgotPasswordView.swift; sourceTree = "<group>"; };
		AFE05E7B2AF81211003D22A2 /* PasswordViewModel.swift */ = {isa = PBXFileReference; lastKnownFileType = sourcecode.swift; path = PasswordViewModel.swift; sourceTree = "<group>"; };
		AFE05E7D2AF81273003D22A2 /* PasswordRequest.swift */ = {isa = PBXFileReference; lastKnownFileType = sourcecode.swift; path = PasswordRequest.swift; sourceTree = "<group>"; };
		AFE05E7F2AF812CC003D22A2 /* PasswordAction.swift */ = {isa = PBXFileReference; lastKnownFileType = sourcecode.swift; path = PasswordAction.swift; sourceTree = "<group>"; };
		AFE05E812AF812DA003D22A2 /* SignUpAction.swift */ = {isa = PBXFileReference; lastKnownFileType = sourcecode.swift; path = SignUpAction.swift; sourceTree = "<group>"; };
		AFF150012B014BFF000910C7 /* HomeViewModel.swift */ = {isa = PBXFileReference; lastKnownFileType = sourcecode.swift; path = HomeViewModel.swift; sourceTree = "<group>"; };
		AFF150062B0157BA000910C7 /* EduEmpower-App-Info.plist */ = {isa = PBXFileReference; lastKnownFileType = text.plist; path = "EduEmpower-App-Info.plist"; sourceTree = SOURCE_ROOT; };
		AFF150112B016C29000910C7 /* GoogleSignInView.swift */ = {isa = PBXFileReference; lastKnownFileType = sourcecode.swift; path = GoogleSignInView.swift; sourceTree = "<group>"; };
/* End PBXFileReference section */

/* Begin PBXFrameworksBuildPhase section */
		AFE05E512AF8060E003D22A2 /* Frameworks */ = {
			isa = PBXFrameworksBuildPhase;
			buildActionMask = 2147483647;
			files = (
				AFF150092B015943000910C7 /* GoogleSignIn in Frameworks */,
				AFF1500B2B015943000910C7 /* GoogleSignInSwift in Frameworks */,
			);
			runOnlyForDeploymentPostprocessing = 0;
		};
/* End PBXFrameworksBuildPhase section */

/* Begin PBXGroup section */
		AF44CF6F2AFE7CC50087A57B /* Calendar */ = {
			isa = PBXGroup;
			children = (
				AF44CF732AFE7D030087A57B /* Actions */,
				AF44CF722AFE7CF60087A57B /* Models */,
				AF44CF712AFE7CED0087A57B /* ViewModels */,
				AF44CF702AFE7CE60087A57B /* Views */,
			);
			path = Calendar;
			sourceTree = "<group>";
		};
		AF44CF702AFE7CE60087A57B /* Views */ = {
			isa = PBXGroup;
			children = (
				AF44CF742AFE7D560087A57B /* HomeView.swift */,
				AF499CAB2B001E6D00255F3A /* CalendarView.swift */,
				AF499CAF2B00319900255F3A /* DaysEventsListView.swift */,
				AF499CB12B00346700255F3A /* EventListViewRow.swift */,
				AFF150112B016C29000910C7 /* GoogleSignInView.swift */,
			);
			path = Views;
			sourceTree = "<group>";
		};
		AF44CF712AFE7CED0087A57B /* ViewModels */ = {
			isa = PBXGroup;
			children = (
				AFF150012B014BFF000910C7 /* HomeViewModel.swift */,
			);
			path = ViewModels;
			sourceTree = "<group>";
		};
		AF44CF722AFE7CF60087A57B /* Models */ = {
			isa = PBXGroup;
			children = (
			);
			path = Models;
			sourceTree = "<group>";
		};
		AF44CF732AFE7D030087A57B /* Actions */ = {
			isa = PBXGroup;
			children = (
			);
			path = Actions;
			sourceTree = "<group>";
		};
		AF44CF772AFE7E6D0087A57B /* Views */ = {
			isa = PBXGroup;
			children = (
				AF44CF782AFE7E7E0087A57B /* ContentView.swift */,
			);
			path = Views;
			sourceTree = "<group>";
		};
		AF44CF7A2AFE7EBF0087A57B /* Groups */ = {
			isa = PBXGroup;
			children = (
				AF44CF812AFE7EFC0087A57B /* Views */,
			);
			path = Groups;
			sourceTree = "<group>";
		};
		AF44CF7B2AFE7ECC0087A57B /* Tasks */ = {
			isa = PBXGroup;
			children = (
				AF97E0BF2AFFC92A00759297 /* ViewModels */,
				AF44CF802AFE7EF00087A57B /* Views */,
			);
			path = Tasks;
			sourceTree = "<group>";
		};
		AF44CF7C2AFE7ED40087A57B /* Statistics */ = {
			isa = PBXGroup;
			children = (
				AF44CF7F2AFE7EEB0087A57B /* Views */,
			);
			path = Statistics;
			sourceTree = "<group>";
		};
		AF44CF7D2AFE7EDF0087A57B /* Profile */ = {
			isa = PBXGroup;
			children = (
				AF44CF7E2AFE7EE60087A57B /* Views */,
			);
			path = Profile;
			sourceTree = "<group>";
		};
		AF44CF7E2AFE7EE60087A57B /* Views */ = {
			isa = PBXGroup;
			children = (
				AF44CF862AFE7F420087A57B /* ProfileView.swift */,
			);
			path = Views;
			sourceTree = "<group>";
		};
		AF44CF7F2AFE7EEB0087A57B /* Views */ = {
			isa = PBXGroup;
			children = (
				AF44CF882AFE7F5C0087A57B /* StatisticsView.swift */,
			);
			path = Views;
			sourceTree = "<group>";
		};
		AF44CF802AFE7EF00087A57B /* Views */ = {
			isa = PBXGroup;
			children = (
				AF44CF842AFE7F260087A57B /* TasksView.swift */,
				AF97E0BD2AFFC7E500759297 /* TaskListRow.swift */,
				AF97E0C42AFFD12C00759297 /* SingleTaskView.swift */,
				AF97E0C62AFFD22E00759297 /* EditTaskView.swift */,
			);
			path = Views;
			sourceTree = "<group>";
		};
		AF44CF812AFE7EFC0087A57B /* Views */ = {
			isa = PBXGroup;
			children = (
				AF44CF822AFE7F090087A57B /* GroupsView.swift */,
			);
			path = Views;
			sourceTree = "<group>";
		};
		AF97E0B82AFFC31B00759297 /* Models */ = {
			isa = PBXGroup;
			children = (
				AF97E0B92AFFC33300759297 /* Task.swift */,
				AF97E0BB2AFFC4C600759297 /* Event.swift */,
				AF97E0C22AFFCCE000759297 /* User.swift */,
				AF499CAD2B002B8400255F3A /* EventStore.swift */,
				AF2216472B0042F800CA4164 /* Group.swift */,
			);
			path = Models;
			sourceTree = "<group>";
		};
		AF97E0BF2AFFC92A00759297 /* ViewModels */ = {
			isa = PBXGroup;
			children = (
				AF97E0C02AFFC94200759297 /* TasksViewModel.swift */,
			);
			path = ViewModels;
			sourceTree = "<group>";
		};
		AFE05E4B2AF8060E003D22A2 = {
			isa = PBXGroup;
			children = (
				AFE05E562AF8060E003D22A2 /* EduEmpower App */,
				AFE05E552AF8060E003D22A2 /* Products */,
			);
			sourceTree = "<group>";
		};
		AFE05E552AF8060E003D22A2 /* Products */ = {
			isa = PBXGroup;
			children = (
				AFE05E542AF8060E003D22A2 /* EduEmpower App.app */,
			);
			name = Products;
			sourceTree = "<group>";
		};
		AFE05E562AF8060E003D22A2 /* EduEmpower App */ = {
			isa = PBXGroup;
			children = (
				AFF150062B0157BA000910C7 /* EduEmpower-App-Info.plist */,
				AFE05E6D2AF80BB4003D22A2 /* Features */,
				AFE05E572AF8060E003D22A2 /* EduEmpowerApp.swift */,
				AFE05E5B2AF8060F003D22A2 /* Assets.xcassets */,
				AFE05E5D2AF8060F003D22A2 /* Preview Content */,
			);
			path = "EduEmpower App";
			sourceTree = "<group>";
		};
		AFE05E5D2AF8060F003D22A2 /* Preview Content */ = {
			isa = PBXGroup;
			children = (
				AFE05E5E2AF8060F003D22A2 /* Preview Assets.xcassets */,
			);
			path = "Preview Content";
			sourceTree = "<group>";
		};
		AFE05E692AF80A81003D22A2 /* ViewModels */ = {
			isa = PBXGroup;
			children = (
				AFE05E672AF80995003D22A2 /* LoginViewModel.swift */,
				AFE05E7B2AF81211003D22A2 /* PasswordViewModel.swift */,
				AF0C57352AFD62F3005C9E25 /* SignUpViewModel.swift */,
			);
			path = ViewModels;
			sourceTree = "<group>";
		};
		AFE05E6A2AF80AFD003D22A2 /* Views */ = {
			isa = PBXGroup;
			children = (
				AFE05E592AF8060E003D22A2 /* LoginView.swift */,
				AFE05E792AF810E3003D22A2 /* ForgotPasswordView.swift */,
				AF0C57332AFD614A005C9E25 /* SignUpView.swift */,
			);
			path = Views;
			sourceTree = "<group>";
		};
		AFE05E6B2AF80B13003D22A2 /* Actions */ = {
			isa = PBXGroup;
			children = (
				AFE05E752AF80D33003D22A2 /* LoginAction.swift */,
				AFE05E7F2AF812CC003D22A2 /* PasswordAction.swift */,
				AFE05E812AF812DA003D22A2 /* SignUpAction.swift */,
			);
			path = Actions;
			sourceTree = "<group>";
		};
		AFE05E6D2AF80BB4003D22A2 /* Features */ = {
			isa = PBXGroup;
			children = (
				AF44CF7D2AFE7EDF0087A57B /* Profile */,
				AF44CF7C2AFE7ED40087A57B /* Statistics */,
				AF44CF7B2AFE7ECC0087A57B /* Tasks */,
				AF44CF7A2AFE7EBF0087A57B /* Groups */,
				AF44CF6F2AFE7CC50087A57B /* Calendar */,
				AFE05E6F2AF80BD8003D22A2 /* Common */,
				AFE05E6E2AF80BCB003D22A2 /* Login */,
			);
			path = Features;
			sourceTree = "<group>";
		};
		AFE05E6E2AF80BCB003D22A2 /* Login */ = {
			isa = PBXGroup;
			children = (
				AFE05E6B2AF80B13003D22A2 /* Actions */,
				AFE05E702AF80CCB003D22A2 /* Models */,
				AFE05E692AF80A81003D22A2 /* ViewModels */,
				AFE05E6A2AF80AFD003D22A2 /* Views */,
			);
			path = Login;
			sourceTree = "<group>";
		};
		AFE05E6F2AF80BD8003D22A2 /* Common */ = {
			isa = PBXGroup;
			children = (
				AF97E0B82AFFC31B00759297 /* Models */,
				AF44CF772AFE7E6D0087A57B /* Views */,
			);
			path = Common;
			sourceTree = "<group>";
		};
		AFE05E702AF80CCB003D22A2 /* Models */ = {
			isa = PBXGroup;
			children = (
				AFE05E712AF80CE3003D22A2 /* LoginRequest.swift */,
				AFE05E732AF80D0E003D22A2 /* LoginResponse.swift */,
				AFE05E7D2AF81273003D22A2 /* PasswordRequest.swift */,
			);
			path = Models;
			sourceTree = "<group>";
		};
/* End PBXGroup section */

/* Begin PBXNativeTarget section */
		AFE05E532AF8060E003D22A2 /* EduEmpower App */ = {
			isa = PBXNativeTarget;
			buildConfigurationList = AFE05E622AF8060F003D22A2 /* Build configuration list for PBXNativeTarget "EduEmpower App" */;
			buildPhases = (
				AFE05E502AF8060E003D22A2 /* Sources */,
				AFE05E512AF8060E003D22A2 /* Frameworks */,
				AFE05E522AF8060E003D22A2 /* Resources */,
			);
			buildRules = (
			);
			dependencies = (
			);
			name = "EduEmpower App";
			packageProductDependencies = (
				AFF150082B015943000910C7 /* GoogleSignIn */,
				AFF1500A2B015943000910C7 /* GoogleSignInSwift */,
			);
			productName = "EduEmpower App";
			productReference = AFE05E542AF8060E003D22A2 /* EduEmpower App.app */;
			productType = "com.apple.product-type.application";
		};
/* End PBXNativeTarget section */

/* Begin PBXProject section */
		AFE05E4C2AF8060E003D22A2 /* Project object */ = {
			isa = PBXProject;
			attributes = {
				BuildIndependentTargetsInParallel = 1;
				LastSwiftUpdateCheck = 1500;
				LastUpgradeCheck = 1500;
				TargetAttributes = {
					AFE05E532AF8060E003D22A2 = {
						CreatedOnToolsVersion = 15.0.1;
					};
				};
			};
			buildConfigurationList = AFE05E4F2AF8060E003D22A2 /* Build configuration list for PBXProject "EduEmpower App" */;
			compatibilityVersion = "Xcode 14.0";
			developmentRegion = en;
			hasScannedForEncodings = 0;
			knownRegions = (
				en,
				Base,
			);
			mainGroup = AFE05E4B2AF8060E003D22A2;
			packageReferences = (
				AFF150072B015943000910C7 /* XCRemoteSwiftPackageReference "GoogleSignIn-iOS" */,
			);
			productRefGroup = AFE05E552AF8060E003D22A2 /* Products */;
			projectDirPath = "";
			projectRoot = "";
			targets = (
				AFE05E532AF8060E003D22A2 /* EduEmpower App */,
			);
		};
/* End PBXProject section */

/* Begin PBXResourcesBuildPhase section */
		AFE05E522AF8060E003D22A2 /* Resources */ = {
			isa = PBXResourcesBuildPhase;
			buildActionMask = 2147483647;
			files = (
				AFE05E5F2AF8060F003D22A2 /* Preview Assets.xcassets in Resources */,
				AFE05E5C2AF8060F003D22A2 /* Assets.xcassets in Resources */,
			);
			runOnlyForDeploymentPostprocessing = 0;
		};
/* End PBXResourcesBuildPhase section */

/* Begin PBXSourcesBuildPhase section */
		AFE05E502AF8060E003D22A2 /* Sources */ = {
			isa = PBXSourcesBuildPhase;
			buildActionMask = 2147483647;
			files = (
				AFE05E5A2AF8060E003D22A2 /* LoginView.swift in Sources */,
				AF97E0C72AFFD22E00759297 /* EditTaskView.swift in Sources */,
				AF0C57362AFD62F3005C9E25 /* SignUpViewModel.swift in Sources */,
				AFF150022B014BFF000910C7 /* HomeViewModel.swift in Sources */,
				AFE05E7C2AF81211003D22A2 /* PasswordViewModel.swift in Sources */,
				AF97E0C52AFFD12C00759297 /* SingleTaskView.swift in Sources */,
				AFE05E7A2AF810E3003D22A2 /* ForgotPasswordView.swift in Sources */,
				AFE05E582AF8060E003D22A2 /* EduEmpowerApp.swift in Sources */,
				AF0C57342AFD614A005C9E25 /* SignUpView.swift in Sources */,
				AF44CF832AFE7F090087A57B /* GroupsView.swift in Sources */,
				AF97E0C12AFFC94200759297 /* TasksViewModel.swift in Sources */,
				AF499CAE2B002B8400255F3A /* EventStore.swift in Sources */,
				AF44CF852AFE7F260087A57B /* TasksView.swift in Sources */,
				AFE05E682AF80995003D22A2 /* LoginViewModel.swift in Sources */,
				AF97E0BE2AFFC7E500759297 /* TaskListRow.swift in Sources */,
				AF44CF752AFE7D560087A57B /* HomeView.swift in Sources */,
				AF499CB02B00319900255F3A /* DaysEventsListView.swift in Sources */,
				AF499CAC2B001E6D00255F3A /* CalendarView.swift in Sources */,
				AF44CF872AFE7F420087A57B /* ProfileView.swift in Sources */,
				AF97E0BC2AFFC4C600759297 /* Event.swift in Sources */,
				AFE05E722AF80CE3003D22A2 /* LoginRequest.swift in Sources */,
				AFE05E822AF812DA003D22A2 /* SignUpAction.swift in Sources */,
				AFE05E802AF812CC003D22A2 /* PasswordAction.swift in Sources */,
				AF44CF792AFE7E7E0087A57B /* ContentView.swift in Sources */,
				AFE05E7E2AF81273003D22A2 /* PasswordRequest.swift in Sources */,
				AF499CB22B00346700255F3A /* EventListViewRow.swift in Sources */,
				AF44CF892AFE7F5C0087A57B /* StatisticsView.swift in Sources */,
				AF97E0C32AFFCCE000759297 /* User.swift in Sources */,
				AFE05E742AF80D0E003D22A2 /* LoginResponse.swift in Sources */,
				AF2216482B0042F800CA4164 /* Group.swift in Sources */,
				AF97E0BA2AFFC33300759297 /* Task.swift in Sources */,
				AFE05E762AF80D33003D22A2 /* LoginAction.swift in Sources */,
				AFF150122B016C29000910C7 /* GoogleSignInView.swift in Sources */,
			);
			runOnlyForDeploymentPostprocessing = 0;
		};
/* End PBXSourcesBuildPhase section */

/* Begin XCBuildConfiguration section */
		AFE05E602AF8060F003D22A2 /* Debug */ = {
			isa = XCBuildConfiguration;
			buildSettings = {
				ALWAYS_SEARCH_USER_PATHS = NO;
				ASSETCATALOG_COMPILER_GENERATE_SWIFT_ASSET_SYMBOL_EXTENSIONS = YES;
				CLANG_ANALYZER_NONNULL = YES;
				CLANG_ANALYZER_NUMBER_OBJECT_CONVERSION = YES_AGGRESSIVE;
				CLANG_CXX_LANGUAGE_STANDARD = "gnu++20";
				CLANG_ENABLE_MODULES = YES;
				CLANG_ENABLE_OBJC_ARC = YES;
				CLANG_ENABLE_OBJC_WEAK = YES;
				CLANG_WARN_BLOCK_CAPTURE_AUTORELEASING = YES;
				CLANG_WARN_BOOL_CONVERSION = YES;
				CLANG_WARN_COMMA = YES;
				CLANG_WARN_CONSTANT_CONVERSION = YES;
				CLANG_WARN_DEPRECATED_OBJC_IMPLEMENTATIONS = YES;
				CLANG_WARN_DIRECT_OBJC_ISA_USAGE = YES_ERROR;
				CLANG_WARN_DOCUMENTATION_COMMENTS = YES;
				CLANG_WARN_EMPTY_BODY = YES;
				CLANG_WARN_ENUM_CONVERSION = YES;
				CLANG_WARN_INFINITE_RECURSION = YES;
				CLANG_WARN_INT_CONVERSION = YES;
				CLANG_WARN_NON_LITERAL_NULL_CONVERSION = YES;
				CLANG_WARN_OBJC_IMPLICIT_RETAIN_SELF = YES;
				CLANG_WARN_OBJC_LITERAL_CONVERSION = YES;
				CLANG_WARN_OBJC_ROOT_CLASS = YES_ERROR;
				CLANG_WARN_QUOTED_INCLUDE_IN_FRAMEWORK_HEADER = YES;
				CLANG_WARN_RANGE_LOOP_ANALYSIS = YES;
				CLANG_WARN_STRICT_PROTOTYPES = YES;
				CLANG_WARN_SUSPICIOUS_MOVE = YES;
				CLANG_WARN_UNGUARDED_AVAILABILITY = YES_AGGRESSIVE;
				CLANG_WARN_UNREACHABLE_CODE = YES;
				CLANG_WARN__DUPLICATE_METHOD_MATCH = YES;
				COPY_PHASE_STRIP = NO;
				DEBUG_INFORMATION_FORMAT = dwarf;
				ENABLE_STRICT_OBJC_MSGSEND = YES;
				ENABLE_TESTABILITY = YES;
				ENABLE_USER_SCRIPT_SANDBOXING = YES;
				GCC_C_LANGUAGE_STANDARD = gnu17;
				GCC_DYNAMIC_NO_PIC = NO;
				GCC_NO_COMMON_BLOCKS = YES;
				GCC_OPTIMIZATION_LEVEL = 0;
				GCC_PREPROCESSOR_DEFINITIONS = (
					"DEBUG=1",
					"$(inherited)",
				);
				GCC_WARN_64_TO_32_BIT_CONVERSION = YES;
				GCC_WARN_ABOUT_RETURN_TYPE = YES_ERROR;
				GCC_WARN_UNDECLARED_SELECTOR = YES;
				GCC_WARN_UNINITIALIZED_AUTOS = YES_AGGRESSIVE;
				GCC_WARN_UNUSED_FUNCTION = YES;
				GCC_WARN_UNUSED_VARIABLE = YES;
				IPHONEOS_DEPLOYMENT_TARGET = 17.0;
				LOCALIZATION_PREFERS_STRING_CATALOGS = YES;
				MTL_ENABLE_DEBUG_INFO = INCLUDE_SOURCE;
				MTL_FAST_MATH = YES;
				ONLY_ACTIVE_ARCH = YES;
				SDKROOT = iphoneos;
				SWIFT_ACTIVE_COMPILATION_CONDITIONS = "DEBUG $(inherited)";
				SWIFT_OPTIMIZATION_LEVEL = "-Onone";
			};
			name = Debug;
		};
		AFE05E612AF8060F003D22A2 /* Release */ = {
			isa = XCBuildConfiguration;
			buildSettings = {
				ALWAYS_SEARCH_USER_PATHS = NO;
				ASSETCATALOG_COMPILER_GENERATE_SWIFT_ASSET_SYMBOL_EXTENSIONS = YES;
				CLANG_ANALYZER_NONNULL = YES;
				CLANG_ANALYZER_NUMBER_OBJECT_CONVERSION = YES_AGGRESSIVE;
				CLANG_CXX_LANGUAGE_STANDARD = "gnu++20";
				CLANG_ENABLE_MODULES = YES;
				CLANG_ENABLE_OBJC_ARC = YES;
				CLANG_ENABLE_OBJC_WEAK = YES;
				CLANG_WARN_BLOCK_CAPTURE_AUTORELEASING = YES;
				CLANG_WARN_BOOL_CONVERSION = YES;
				CLANG_WARN_COMMA = YES;
				CLANG_WARN_CONSTANT_CONVERSION = YES;
				CLANG_WARN_DEPRECATED_OBJC_IMPLEMENTATIONS = YES;
				CLANG_WARN_DIRECT_OBJC_ISA_USAGE = YES_ERROR;
				CLANG_WARN_DOCUMENTATION_COMMENTS = YES;
				CLANG_WARN_EMPTY_BODY = YES;
				CLANG_WARN_ENUM_CONVERSION = YES;
				CLANG_WARN_INFINITE_RECURSION = YES;
				CLANG_WARN_INT_CONVERSION = YES;
				CLANG_WARN_NON_LITERAL_NULL_CONVERSION = YES;
				CLANG_WARN_OBJC_IMPLICIT_RETAIN_SELF = YES;
				CLANG_WARN_OBJC_LITERAL_CONVERSION = YES;
				CLANG_WARN_OBJC_ROOT_CLASS = YES_ERROR;
				CLANG_WARN_QUOTED_INCLUDE_IN_FRAMEWORK_HEADER = YES;
				CLANG_WARN_RANGE_LOOP_ANALYSIS = YES;
				CLANG_WARN_STRICT_PROTOTYPES = YES;
				CLANG_WARN_SUSPICIOUS_MOVE = YES;
				CLANG_WARN_UNGUARDED_AVAILABILITY = YES_AGGRESSIVE;
				CLANG_WARN_UNREACHABLE_CODE = YES;
				CLANG_WARN__DUPLICATE_METHOD_MATCH = YES;
				COPY_PHASE_STRIP = NO;
				DEBUG_INFORMATION_FORMAT = "dwarf-with-dsym";
				ENABLE_NS_ASSERTIONS = NO;
				ENABLE_STRICT_OBJC_MSGSEND = YES;
				ENABLE_USER_SCRIPT_SANDBOXING = YES;
				GCC_C_LANGUAGE_STANDARD = gnu17;
				GCC_NO_COMMON_BLOCKS = YES;
				GCC_WARN_64_TO_32_BIT_CONVERSION = YES;
				GCC_WARN_ABOUT_RETURN_TYPE = YES_ERROR;
				GCC_WARN_UNDECLARED_SELECTOR = YES;
				GCC_WARN_UNINITIALIZED_AUTOS = YES_AGGRESSIVE;
				GCC_WARN_UNUSED_FUNCTION = YES;
				GCC_WARN_UNUSED_VARIABLE = YES;
				IPHONEOS_DEPLOYMENT_TARGET = 17.0;
				LOCALIZATION_PREFERS_STRING_CATALOGS = YES;
				MTL_ENABLE_DEBUG_INFO = NO;
				MTL_FAST_MATH = YES;
				SDKROOT = iphoneos;
				SWIFT_COMPILATION_MODE = wholemodule;
				VALIDATE_PRODUCT = YES;
			};
			name = Release;
		};
		AFE05E632AF8060F003D22A2 /* Debug */ = {
			isa = XCBuildConfiguration;
			buildSettings = {
				ASSETCATALOG_COMPILER_APPICON_NAME = AppIcon;
				ASSETCATALOG_COMPILER_GLOBAL_ACCENT_COLOR_NAME = AccentColor;
				CODE_SIGN_STYLE = Automatic;
				CURRENT_PROJECT_VERSION = 1;
				DEVELOPMENT_ASSET_PATHS = "\"EduEmpower App/Preview Content\"";
				DEVELOPMENT_TEAM = ZFFQQM46Q6;
				ENABLE_PREVIEWS = YES;
				GENERATE_INFOPLIST_FILE = YES;
				INFOPLIST_FILE = "EduEmpower-App-Info.plist";
				INFOPLIST_KEY_UIApplicationSceneManifest_Generation = YES;
				INFOPLIST_KEY_UIApplicationSupportsIndirectInputEvents = YES;
				INFOPLIST_KEY_UILaunchScreen_Generation = YES;
				INFOPLIST_KEY_UISupportedInterfaceOrientations_iPad = "UIInterfaceOrientationPortrait UIInterfaceOrientationPortraitUpsideDown UIInterfaceOrientationLandscapeLeft UIInterfaceOrientationLandscapeRight";
				INFOPLIST_KEY_UISupportedInterfaceOrientations_iPhone = "UIInterfaceOrientationPortrait UIInterfaceOrientationLandscapeLeft UIInterfaceOrientationLandscapeRight";
				LD_RUNPATH_SEARCH_PATHS = (
					"$(inherited)",
					"@executable_path/Frameworks",
				);
				MARKETING_VERSION = 1.0;
				PRODUCT_BUNDLE_IDENTIFIER = "EduEmpower.EduEmpower-App";
				PRODUCT_NAME = "$(TARGET_NAME)";
				SWIFT_EMIT_LOC_STRINGS = YES;
				SWIFT_VERSION = 5.0;
				TARGETED_DEVICE_FAMILY = "1,2";
			};
			name = Debug;
		};
		AFE05E642AF8060F003D22A2 /* Release */ = {
			isa = XCBuildConfiguration;
			buildSettings = {
				ASSETCATALOG_COMPILER_APPICON_NAME = AppIcon;
				ASSETCATALOG_COMPILER_GLOBAL_ACCENT_COLOR_NAME = AccentColor;
				CODE_SIGN_STYLE = Automatic;
				CURRENT_PROJECT_VERSION = 1;
				DEVELOPMENT_ASSET_PATHS = "\"EduEmpower App/Preview Content\"";
				DEVELOPMENT_TEAM = ZFFQQM46Q6;
				ENABLE_PREVIEWS = YES;
				GENERATE_INFOPLIST_FILE = YES;
				INFOPLIST_FILE = "EduEmpower-App-Info.plist";
				INFOPLIST_KEY_UIApplicationSceneManifest_Generation = YES;
				INFOPLIST_KEY_UIApplicationSupportsIndirectInputEvents = YES;
				INFOPLIST_KEY_UILaunchScreen_Generation = YES;
				INFOPLIST_KEY_UISupportedInterfaceOrientations_iPad = "UIInterfaceOrientationPortrait UIInterfaceOrientationPortraitUpsideDown UIInterfaceOrientationLandscapeLeft UIInterfaceOrientationLandscapeRight";
				INFOPLIST_KEY_UISupportedInterfaceOrientations_iPhone = "UIInterfaceOrientationPortrait UIInterfaceOrientationLandscapeLeft UIInterfaceOrientationLandscapeRight";
				LD_RUNPATH_SEARCH_PATHS = (
					"$(inherited)",
					"@executable_path/Frameworks",
				);
				MARKETING_VERSION = 1.0;
				PRODUCT_BUNDLE_IDENTIFIER = "EduEmpower.EduEmpower-App";
				PRODUCT_NAME = "$(TARGET_NAME)";
				SWIFT_EMIT_LOC_STRINGS = YES;
				SWIFT_VERSION = 5.0;
				TARGETED_DEVICE_FAMILY = "1,2";
			};
			name = Release;
		};
/* End XCBuildConfiguration section */

/* Begin XCConfigurationList section */
		AFE05E4F2AF8060E003D22A2 /* Build configuration list for PBXProject "EduEmpower App" */ = {
			isa = XCConfigurationList;
			buildConfigurations = (
				AFE05E602AF8060F003D22A2 /* Debug */,
				AFE05E612AF8060F003D22A2 /* Release */,
			);
			defaultConfigurationIsVisible = 0;
			defaultConfigurationName = Release;
		};
		AFE05E622AF8060F003D22A2 /* Build configuration list for PBXNativeTarget "EduEmpower App" */ = {
			isa = XCConfigurationList;
			buildConfigurations = (
				AFE05E632AF8060F003D22A2 /* Debug */,
				AFE05E642AF8060F003D22A2 /* Release */,
			);
			defaultConfigurationIsVisible = 0;
			defaultConfigurationName = Release;
		};
/* End XCConfigurationList section */

/* Begin XCRemoteSwiftPackageReference section */
		AFF150072B015943000910C7 /* XCRemoteSwiftPackageReference "GoogleSignIn-iOS" */ = {
			isa = XCRemoteSwiftPackageReference;
			repositoryURL = "https://github.com/google/GoogleSignIn-iOS.git";
			requirement = {
				kind = upToNextMajorVersion;
				minimumVersion = 7.0.0;
			};
		};
/* End XCRemoteSwiftPackageReference section */

/* Begin XCSwiftPackageProductDependency section */
		AFF150082B015943000910C7 /* GoogleSignIn */ = {
			isa = XCSwiftPackageProductDependency;
			package = AFF150072B015943000910C7 /* XCRemoteSwiftPackageReference "GoogleSignIn-iOS" */;
			productName = GoogleSignIn;
		};
		AFF1500A2B015943000910C7 /* GoogleSignInSwift */ = {
			isa = XCSwiftPackageProductDependency;
			package = AFF150072B015943000910C7 /* XCRemoteSwiftPackageReference "GoogleSignIn-iOS" */;
			productName = GoogleSignInSwift;
		};
/* End XCSwiftPackageProductDependency section */
	};
	rootObject = AFE05E4C2AF8060E003D22A2 /* Project object */;
}
